// !$*UTF8*$!
{
	archiveVersion = 1;
	classes = {
	};
	objectVersion = 50;
	objects = {

/* Begin PBXBuildFile section */
		0401546421BA66E900FE372C /* doubleDown.png in Resources */ = {isa = PBXBuildFile; fileRef = 0401546321BA66E900FE372C /* doubleDown.png */; };
		0401546621BAA91100FE372C /* doubleUp.png in Resources */ = {isa = PBXBuildFile; fileRef = 0401546521BAA91100FE372C /* doubleUp.png */; };
		0410C8042198955300D4BE6B /* ZDIHomePageCarouselButton.m in Sources */ = {isa = PBXBuildFile; fileRef = 0410C8032198955300D4BE6B /* ZDIHomePageCarouselButton.m */; };
		0410C807219B0F5700D4BE6B /* ZDIHomePageLatestTableViewCell.m in Sources */ = {isa = PBXBuildFile; fileRef = 0410C806219B0F5700D4BE6B /* ZDIHomePageLatestTableViewCell.m */; };
		041342BF21797D5D00486DF9 /* AppDelegate.m in Sources */ = {isa = PBXBuildFile; fileRef = 041342BE21797D5D00486DF9 /* AppDelegate.m */; };
		041342C521797D5D00486DF9 /* Main.storyboard in Resources */ = {isa = PBXBuildFile; fileRef = 041342C321797D5D00486DF9 /* Main.storyboard */; };
		041342C721797D5E00486DF9 /* Assets.xcassets in Resources */ = {isa = PBXBuildFile; fileRef = 041342C621797D5E00486DF9 /* Assets.xcassets */; };
		041342CA21797D5E00486DF9 /* LaunchScreen.storyboard in Resources */ = {isa = PBXBuildFile; fileRef = 041342C821797D5E00486DF9 /* LaunchScreen.storyboard */; };
		041342CD21797D5E00486DF9 /* main.m in Sources */ = {isa = PBXBuildFile; fileRef = 041342CC21797D5E00486DF9 /* main.m */; };
		04134377217F3ED900486DF9 /* ZDIHomePageViewController.m in Sources */ = {isa = PBXBuildFile; fileRef = 04134376217F3ED900486DF9 /* ZDIHomePageViewController.m */; };
		0413437A217F3F8E00486DF9 /* ZDIHomePageTableViewGroupView.m in Sources */ = {isa = PBXBuildFile; fileRef = 04134379217F3F8E00486DF9 /* ZDIHomePageTableViewGroupView.m */; };
		04134380217F4CA200486DF9 /* ZDIHomePageNormalTableViewCell.m in Sources */ = {isa = PBXBuildFile; fileRef = 0413437F217F4CA200486DF9 /* ZDIHomePageNormalTableViewCell.m */; };
		04134383217F529B00486DF9 /* test1.JPG in Resources */ = {isa = PBXBuildFile; fileRef = 04134382217F529B00486DF9 /* test1.JPG */; };
		0413438621819DC100486DF9 /* ZDIHomePageCarouselView.m in Sources */ = {isa = PBXBuildFile; fileRef = 0413438521819DC100486DF9 /* ZDIHomePageCarouselView.m */; };
		0413438C21819EBB00486DF9 /* 3.JPG in Resources */ = {isa = PBXBuildFile; fileRef = 0413438721819EBA00486DF9 /* 3.JPG */; };
		0413438D21819EBB00486DF9 /* 1.JPG in Resources */ = {isa = PBXBuildFile; fileRef = 0413438821819EBA00486DF9 /* 1.JPG */; };
		0413438E21819EBB00486DF9 /* 4.JPG in Resources */ = {isa = PBXBuildFile; fileRef = 0413438921819EBA00486DF9 /* 4.JPG */; };
		0413438F21819EBB00486DF9 /* 0.JPG in Resources */ = {isa = PBXBuildFile; fileRef = 0413438A21819EBA00486DF9 /* 0.JPG */; };
		0413439021819EBB00486DF9 /* 2.JPG in Resources */ = {isa = PBXBuildFile; fileRef = 0413438B21819EBB00486DF9 /* 2.JPG */; };
		0423B57E21C01574005C05C4 /* ZDIWebPageBounceView.m in Sources */ = {isa = PBXBuildFile; fileRef = 0423B57D21C01574005C05C4 /* ZDIWebPageBounceView.m */; };
		0423B58121C12D23005C05C4 /* ZDIWebPageBounceCollectView.m in Sources */ = {isa = PBXBuildFile; fileRef = 0423B58021C12D23005C05C4 /* ZDIWebPageBounceCollectView.m */; };
		0423B58421C138E0005C05C4 /* starGrey.png in Resources */ = {isa = PBXBuildFile; fileRef = 0423B58221C138E0005C05C4 /* starGrey.png */; };
		0423B58521C138E0005C05C4 /* starGolden.png in Resources */ = {isa = PBXBuildFile; fileRef = 0423B58321C138E0005C05C4 /* starGolden.png */; };
		0423B65821CA8531005C05C4 /* ZDIHomePageDBManager.m in Sources */ = {isa = PBXBuildFile; fileRef = 0423B65721CA8531005C05C4 /* ZDIHomePageDBManager.m */; };
		0485A84821A577F100B62907 /* ZDICommitPageViewController.m in Sources */ = {isa = PBXBuildFile; fileRef = 0485A84721A577F100B62907 /* ZDICommitPageViewController.m */; };
		0485A84B21A5780400B62907 /* ZDICommitPageView.m in Sources */ = {isa = PBXBuildFile; fileRef = 0485A84A21A5780400B62907 /* ZDICommitPageView.m */; };
		0485A84E21A57AA900B62907 /* ZDICommitPageManager.m in Sources */ = {isa = PBXBuildFile; fileRef = 0485A84D21A57AA900B62907 /* ZDICommitPageManager.m */; };
		0485A85121A57AE400B62907 /* ZDICommitPageModel.m in Sources */ = {isa = PBXBuildFile; fileRef = 0485A85021A57AE400B62907 /* ZDICommitPageModel.m */; };
		0485A86121A64C0200B62907 /* ZDIWebPageExtraInformationModel.m in Sources */ = {isa = PBXBuildFile; fileRef = 0485A86021A64C0200B62907 /* ZDIWebPageExtraInformationModel.m */; };
		0485A86421A64DCA00B62907 /* ZDIWebPageManager.m in Sources */ = {isa = PBXBuildFile; fileRef = 0485A86321A64DCA00B62907 /* ZDIWebPageManager.m */; };
		0485A86721A6ACD600B62907 /* ZDICommitPagePlaceholderView.m in Sources */ = {isa = PBXBuildFile; fileRef = 0485A86621A6ACD600B62907 /* ZDICommitPagePlaceholderView.m */; };
		0485A86921A6B0C400B62907 /* placeholderSofa.png in Resources */ = {isa = PBXBuildFile; fileRef = 0485A86821A6B0C400B62907 /* placeholderSofa.png */; };
		0485A86C21A7F24E00B62907 /* ZDICommitPageTableViewCell.m in Sources */ = {isa = PBXBuildFile; fileRef = 0485A86B21A7F24E00B62907 /* ZDICommitPageTableViewCell.m */; };
		0485A86F21A7F2D200B62907 /* UILabel+LabelHeight.m in Sources */ = {isa = PBXBuildFile; fileRef = 0485A86E21A7F2D200B62907 /* UILabel+LabelHeight.m */; };
		0485A87121A933AE00B62907 /* commitUpvote.png in Resources */ = {isa = PBXBuildFile; fileRef = 0485A87021A933AE00B62907 /* commitUpvote.png */; };
		0485A87421AA415800B62907 /* ZDICommitPageSectionView.m in Sources */ = {isa = PBXBuildFile; fileRef = 0485A87321AA415800B62907 /* ZDICommitPageSectionView.m */; };
		04EBAC25218B2A4D00708FDE /* ZDIMenuViewController.m in Sources */ = {isa = PBXBuildFile; fileRef = 04EBAC24218B2A4D00708FDE /* ZDIMenuViewController.m */; };
		04EBAC2B218B41E900708FDE /* ZDIMenuView.m in Sources */ = {isa = PBXBuildFile; fileRef = 04EBAC2A218B41E900708FDE /* ZDIMenuView.m */; };
		04EBAC2F218BD16400708FDE /* ZDIContainerViewController.m in Sources */ = {isa = PBXBuildFile; fileRef = 04EBAC2E218BD16400708FDE /* ZDIContainerViewController.m */; };
		04EBAC37218BD3AE00708FDE /* ZDIMenuTableViewCell.m in Sources */ = {isa = PBXBuildFile; fileRef = 04EBAC36218BD3AE00708FDE /* ZDIMenuTableViewCell.m */; };
		04EBAC3D218C4E8200708FDE /* ZDIHomePageTableViewSectionHeadView.m in Sources */ = {isa = PBXBuildFile; fileRef = 04EBAC3C218C4E8200708FDE /* ZDIHomePageTableViewSectionHeadView.m */; };
		04EBAC3F218DC95900708FDE /* Menu.png in Resources */ = {isa = PBXBuildFile; fileRef = 04EBAC3E218DC95900708FDE /* Menu.png */; };
		04EBAC44218EE0AD00708FDE /* sun-knight.jpeg in Resources */ = {isa = PBXBuildFile; fileRef = 04EBAC43218EE0AD00708FDE /* sun-knight.jpeg */; };
		04EBAC46218EE21000708FDE /* homePage.png in Resources */ = {isa = PBXBuildFile; fileRef = 04EBAC45218EE21000708FDE /* homePage.png */; };
		04EBAC49218EEEF000708FDE /* ZDIMenuTableHeadView.m in Sources */ = {isa = PBXBuildFile; fileRef = 04EBAC48218EEEF000708FDE /* ZDIMenuTableHeadView.m */; };
		04EBAC4C218EEF0000708FDE /* ZDIMenuTableFootView.m in Sources */ = {isa = PBXBuildFile; fileRef = 04EBAC4B218EEF0000708FDE /* ZDIMenuTableFootView.m */; };
		04EBAC4E218F120800708FDE /* five-pointed star.png in Resources */ = {isa = PBXBuildFile; fileRef = 04EBAC4D218F120800708FDE /* five-pointed star.png */; };
		04EBAC50218F160A00708FDE /* message.png in Resources */ = {isa = PBXBuildFile; fileRef = 04EBAC4F218F160900708FDE /* message.png */; };
		04EBAC52218F2A0600708FDE /* set.png in Resources */ = {isa = PBXBuildFile; fileRef = 04EBAC51218F2A0600708FDE /* set.png */; };
		04EBAC54218F2C0700708FDE /* downLoad.png in Resources */ = {isa = PBXBuildFile; fileRef = 04EBAC53218F2C0600708FDE /* downLoad.png */; };
		04EBAC56218F2E4800708FDE /* night-pattern.png in Resources */ = {isa = PBXBuildFile; fileRef = 04EBAC55218F2E4700708FDE /* night-pattern.png */; };
		04EBAC5D21908A8000708FDE /* ZDIHomePageManager.m in Sources */ = {isa = PBXBuildFile; fileRef = 04EBAC5C21908A8000708FDE /* ZDIHomePageManager.m */; };
		04EBAC602191C30C00708FDE /* ZDIDailyDataModel.m in Sources */ = {isa = PBXBuildFile; fileRef = 04EBAC5F2191C30C00708FDE /* ZDIDailyDataModel.m */; };
		04EBFF8621A17E83003F470B /* ZDIWebPageViewController.m in Sources */ = {isa = PBXBuildFile; fileRef = 04EBFF8521A17E83003F470B /* ZDIWebPageViewController.m */; };
		04EBFF8921A17F31003F470B /* ZDIWebPageView.m in Sources */ = {isa = PBXBuildFile; fileRef = 04EBFF8821A17F31003F470B /* ZDIWebPageView.m */; };
		04EBFF9D21A2DA17003F470B /* next.png in Resources */ = {isa = PBXBuildFile; fileRef = 04EBFF9921A2DA17003F470B /* next.png */; };
		04EBFF9E21A2DA17003F470B /* share.png in Resources */ = {isa = PBXBuildFile; fileRef = 04EBFF9A21A2DA17003F470B /* share.png */; };
		04EBFFA021A2DA17003F470B /* commit.png in Resources */ = {isa = PBXBuildFile; fileRef = 04EBFF9C21A2DA17003F470B /* commit.png */; };
		04EBFFA221A2DA1C003F470B /* return.png in Resources */ = {isa = PBXBuildFile; fileRef = 04EBFFA121A2DA1C003F470B /* return.png */; };
		04EBFFA421A2DAD9003F470B /* ZDIWebPageBottomView.m in Sources */ = {isa = PBXBuildFile; fileRef = 04EBFFA321A2DAD9003F470B /* ZDIWebPageBottomView.m */; };
		04EBFFA621A2E33C003F470B /* upVote.png in Resources */ = {isa = PBXBuildFile; fileRef = 04EBFFA521A2E33C003F470B /* upVote.png */; };
		5BB8A6D8D6E9CBEC31D15B13 /* libPods-zhihu-daily-ImitationDemo.a in Frameworks */ = {isa = PBXBuildFile; fileRef = 338E584827BEA8CFD0790911 /* libPods-zhihu-daily-ImitationDemo.a */; };
/* End PBXBuildFile section */

/* Begin PBXFileReference section */
		0401546321BA66E900FE372C /* doubleDown.png */ = {isa = PBXFileReference; lastKnownFileType = image.png; path = doubleDown.png; sourceTree = "<group>"; };
		0401546521BAA91100FE372C /* doubleUp.png */ = {isa = PBXFileReference; lastKnownFileType = image.png; path = doubleUp.png; sourceTree = "<group>"; };
		0410C8022198955300D4BE6B /* ZDIHomePageCarouselButton.h */ = {isa = PBXFileReference; lastKnownFileType = sourcecode.c.h; path = ZDIHomePageCarouselButton.h; sourceTree = "<group>"; };
		0410C8032198955300D4BE6B /* ZDIHomePageCarouselButton.m */ = {isa = PBXFileReference; lastKnownFileType = sourcecode.c.objc; path = ZDIHomePageCarouselButton.m; sourceTree = "<group>"; };
		0410C805219B0F5700D4BE6B /* ZDIHomePageLatestTableViewCell.h */ = {isa = PBXFileReference; lastKnownFileType = sourcecode.c.h; path = ZDIHomePageLatestTableViewCell.h; sourceTree = "<group>"; };
		0410C806219B0F5700D4BE6B /* ZDIHomePageLatestTableViewCell.m */ = {isa = PBXFileReference; lastKnownFileType = sourcecode.c.objc; path = ZDIHomePageLatestTableViewCell.m; sourceTree = "<group>"; };
		041342BA21797D5D00486DF9 /* zhihu-daily-ImitationDemo.app */ = {isa = PBXFileReference; explicitFileType = wrapper.application; includeInIndex = 0; path = "zhihu-daily-ImitationDemo.app"; sourceTree = BUILT_PRODUCTS_DIR; };
		041342BD21797D5D00486DF9 /* AppDelegate.h */ = {isa = PBXFileReference; lastKnownFileType = sourcecode.c.h; path = AppDelegate.h; sourceTree = "<group>"; };
		041342BE21797D5D00486DF9 /* AppDelegate.m */ = {isa = PBXFileReference; lastKnownFileType = sourcecode.c.objc; path = AppDelegate.m; sourceTree = "<group>"; };
		041342C421797D5D00486DF9 /* Base */ = {isa = PBXFileReference; lastKnownFileType = file.storyboard; name = Base; path = Base.lproj/Main.storyboard; sourceTree = "<group>"; };
		041342C621797D5E00486DF9 /* Assets.xcassets */ = {isa = PBXFileReference; lastKnownFileType = folder.assetcatalog; path = Assets.xcassets; sourceTree = "<group>"; };
		041342C921797D5E00486DF9 /* Base */ = {isa = PBXFileReference; lastKnownFileType = file.storyboard; name = Base; path = Base.lproj/LaunchScreen.storyboard; sourceTree = "<group>"; };
		041342CB21797D5E00486DF9 /* Info.plist */ = {isa = PBXFileReference; lastKnownFileType = text.plist.xml; path = Info.plist; sourceTree = "<group>"; };
		041342CC21797D5E00486DF9 /* main.m */ = {isa = PBXFileReference; lastKnownFileType = sourcecode.c.objc; path = main.m; sourceTree = "<group>"; };
		04134375217F3ED900486DF9 /* ZDIHomePageViewController.h */ = {isa = PBXFileReference; lastKnownFileType = sourcecode.c.h; path = ZDIHomePageViewController.h; sourceTree = "<group>"; };
		04134376217F3ED900486DF9 /* ZDIHomePageViewController.m */ = {isa = PBXFileReference; lastKnownFileType = sourcecode.c.objc; path = ZDIHomePageViewController.m; sourceTree = "<group>"; };
		04134378217F3F8E00486DF9 /* ZDIHomePageTableViewGroupView.h */ = {isa = PBXFileReference; lastKnownFileType = sourcecode.c.h; path = ZDIHomePageTableViewGroupView.h; sourceTree = "<group>"; };
		04134379217F3F8E00486DF9 /* ZDIHomePageTableViewGroupView.m */ = {isa = PBXFileReference; lastKnownFileType = sourcecode.c.objc; path = ZDIHomePageTableViewGroupView.m; sourceTree = "<group>"; };
		0413437E217F4CA200486DF9 /* ZDIHomePageNormalTableViewCell.h */ = {isa = PBXFileReference; lastKnownFileType = sourcecode.c.h; path = ZDIHomePageNormalTableViewCell.h; sourceTree = "<group>"; };
		0413437F217F4CA200486DF9 /* ZDIHomePageNormalTableViewCell.m */ = {isa = PBXFileReference; lastKnownFileType = sourcecode.c.objc; path = ZDIHomePageNormalTableViewCell.m; sourceTree = "<group>"; };
		04134382217F529B00486DF9 /* test1.JPG */ = {isa = PBXFileReference; lastKnownFileType = image.jpeg; path = test1.JPG; sourceTree = "<group>"; };
		0413438421819DC000486DF9 /* ZDIHomePageCarouselView.h */ = {isa = PBXFileReference; lastKnownFileType = sourcecode.c.h; path = ZDIHomePageCarouselView.h; sourceTree = "<group>"; };
		0413438521819DC100486DF9 /* ZDIHomePageCarouselView.m */ = {isa = PBXFileReference; lastKnownFileType = sourcecode.c.objc; path = ZDIHomePageCarouselView.m; sourceTree = "<group>"; };
		0413438721819EBA00486DF9 /* 3.JPG */ = {isa = PBXFileReference; lastKnownFileType = image.jpeg; path = 3.JPG; sourceTree = "<group>"; };
		0413438821819EBA00486DF9 /* 1.JPG */ = {isa = PBXFileReference; lastKnownFileType = image.jpeg; path = 1.JPG; sourceTree = "<group>"; };
		0413438921819EBA00486DF9 /* 4.JPG */ = {isa = PBXFileReference; lastKnownFileType = image.jpeg; path = 4.JPG; sourceTree = "<group>"; };
		0413438A21819EBA00486DF9 /* 0.JPG */ = {isa = PBXFileReference; lastKnownFileType = image.jpeg; path = 0.JPG; sourceTree = "<group>"; };
		0413438B21819EBB00486DF9 /* 2.JPG */ = {isa = PBXFileReference; lastKnownFileType = image.jpeg; path = 2.JPG; sourceTree = "<group>"; };
		0423B57C21C01574005C05C4 /* ZDIWebPageBounceView.h */ = {isa = PBXFileReference; lastKnownFileType = sourcecode.c.h; path = ZDIWebPageBounceView.h; sourceTree = "<group>"; };
		0423B57D21C01574005C05C4 /* ZDIWebPageBounceView.m */ = {isa = PBXFileReference; lastKnownFileType = sourcecode.c.objc; path = ZDIWebPageBounceView.m; sourceTree = "<group>"; };
		0423B57F21C12D22005C05C4 /* ZDIWebPageBounceCollectView.h */ = {isa = PBXFileReference; lastKnownFileType = sourcecode.c.h; path = ZDIWebPageBounceCollectView.h; sourceTree = "<group>"; };
		0423B58021C12D23005C05C4 /* ZDIWebPageBounceCollectView.m */ = {isa = PBXFileReference; lastKnownFileType = sourcecode.c.objc; path = ZDIWebPageBounceCollectView.m; sourceTree = "<group>"; };
		0423B58221C138E0005C05C4 /* starGrey.png */ = {isa = PBXFileReference; lastKnownFileType = image.png; path = starGrey.png; sourceTree = "<group>"; };
		0423B58321C138E0005C05C4 /* starGolden.png */ = {isa = PBXFileReference; lastKnownFileType = image.png; path = starGolden.png; sourceTree = "<group>"; };
		0423B65621CA8531005C05C4 /* ZDIHomePageDBManager.h */ = {isa = PBXFileReference; lastKnownFileType = sourcecode.c.h; path = ZDIHomePageDBManager.h; sourceTree = "<group>"; };
		0423B65721CA8531005C05C4 /* ZDIHomePageDBManager.m */ = {isa = PBXFileReference; lastKnownFileType = sourcecode.c.objc; path = ZDIHomePageDBManager.m; sourceTree = "<group>"; };
		0485A84621A577F100B62907 /* ZDICommitPageViewController.h */ = {isa = PBXFileReference; lastKnownFileType = sourcecode.c.h; path = ZDICommitPageViewController.h; sourceTree = "<group>"; };
		0485A84721A577F100B62907 /* ZDICommitPageViewController.m */ = {isa = PBXFileReference; lastKnownFileType = sourcecode.c.objc; path = ZDICommitPageViewController.m; sourceTree = "<group>"; };
		0485A84921A5780400B62907 /* ZDICommitPageView.h */ = {isa = PBXFileReference; lastKnownFileType = sourcecode.c.h; path = ZDICommitPageView.h; sourceTree = "<group>"; };
		0485A84A21A5780400B62907 /* ZDICommitPageView.m */ = {isa = PBXFileReference; lastKnownFileType = sourcecode.c.objc; path = ZDICommitPageView.m; sourceTree = "<group>"; };
		0485A84C21A57AA900B62907 /* ZDICommitPageManager.h */ = {isa = PBXFileReference; lastKnownFileType = sourcecode.c.h; path = ZDICommitPageManager.h; sourceTree = "<group>"; };
		0485A84D21A57AA900B62907 /* ZDICommitPageManager.m */ = {isa = PBXFileReference; lastKnownFileType = sourcecode.c.objc; path = ZDICommitPageManager.m; sourceTree = "<group>"; };
		0485A84F21A57AE400B62907 /* ZDICommitPageModel.h */ = {isa = PBXFileReference; lastKnownFileType = sourcecode.c.h; path = ZDICommitPageModel.h; sourceTree = "<group>"; };
		0485A85021A57AE400B62907 /* ZDICommitPageModel.m */ = {isa = PBXFileReference; lastKnownFileType = sourcecode.c.objc; path = ZDICommitPageModel.m; sourceTree = "<group>"; };
		0485A85F21A64C0200B62907 /* ZDIWebPageExtraInformationModel.h */ = {isa = PBXFileReference; lastKnownFileType = sourcecode.c.h; path = ZDIWebPageExtraInformationModel.h; sourceTree = "<group>"; };
		0485A86021A64C0200B62907 /* ZDIWebPageExtraInformationModel.m */ = {isa = PBXFileReference; lastKnownFileType = sourcecode.c.objc; path = ZDIWebPageExtraInformationModel.m; sourceTree = "<group>"; };
		0485A86221A64DCA00B62907 /* ZDIWebPageManager.h */ = {isa = PBXFileReference; lastKnownFileType = sourcecode.c.h; path = ZDIWebPageManager.h; sourceTree = "<group>"; };
		0485A86321A64DCA00B62907 /* ZDIWebPageManager.m */ = {isa = PBXFileReference; lastKnownFileType = sourcecode.c.objc; path = ZDIWebPageManager.m; sourceTree = "<group>"; };
		0485A86521A6ACD600B62907 /* ZDICommitPagePlaceholderView.h */ = {isa = PBXFileReference; lastKnownFileType = sourcecode.c.h; path = ZDICommitPagePlaceholderView.h; sourceTree = "<group>"; };
		0485A86621A6ACD600B62907 /* ZDICommitPagePlaceholderView.m */ = {isa = PBXFileReference; lastKnownFileType = sourcecode.c.objc; path = ZDICommitPagePlaceholderView.m; sourceTree = "<group>"; };
		0485A86821A6B0C400B62907 /* placeholderSofa.png */ = {isa = PBXFileReference; lastKnownFileType = image.png; path = placeholderSofa.png; sourceTree = "<group>"; };
		0485A86A21A7F24E00B62907 /* ZDICommitPageTableViewCell.h */ = {isa = PBXFileReference; lastKnownFileType = sourcecode.c.h; path = ZDICommitPageTableViewCell.h; sourceTree = "<group>"; };
		0485A86B21A7F24E00B62907 /* ZDICommitPageTableViewCell.m */ = {isa = PBXFileReference; lastKnownFileType = sourcecode.c.objc; path = ZDICommitPageTableViewCell.m; sourceTree = "<group>"; };
		0485A86D21A7F2D200B62907 /* UILabel+LabelHeight.h */ = {isa = PBXFileReference; lastKnownFileType = sourcecode.c.h; path = "UILabel+LabelHeight.h"; sourceTree = "<group>"; };
		0485A86E21A7F2D200B62907 /* UILabel+LabelHeight.m */ = {isa = PBXFileReference; lastKnownFileType = sourcecode.c.objc; path = "UILabel+LabelHeight.m"; sourceTree = "<group>"; };
		0485A87021A933AE00B62907 /* commitUpvote.png */ = {isa = PBXFileReference; lastKnownFileType = image.png; path = commitUpvote.png; sourceTree = "<group>"; };
		0485A87221AA415800B62907 /* ZDICommitPageSectionView.h */ = {isa = PBXFileReference; lastKnownFileType = sourcecode.c.h; path = ZDICommitPageSectionView.h; sourceTree = "<group>"; };
		0485A87321AA415800B62907 /* ZDICommitPageSectionView.m */ = {isa = PBXFileReference; lastKnownFileType = sourcecode.c.objc; path = ZDICommitPageSectionView.m; sourceTree = "<group>"; };
		04EBAC23218B2A4D00708FDE /* ZDIMenuViewController.h */ = {isa = PBXFileReference; lastKnownFileType = sourcecode.c.h; path = ZDIMenuViewController.h; sourceTree = "<group>"; };
		04EBAC24218B2A4D00708FDE /* ZDIMenuViewController.m */ = {isa = PBXFileReference; lastKnownFileType = sourcecode.c.objc; path = ZDIMenuViewController.m; sourceTree = "<group>"; };
		04EBAC29218B41E900708FDE /* ZDIMenuView.h */ = {isa = PBXFileReference; lastKnownFileType = sourcecode.c.h; path = ZDIMenuView.h; sourceTree = "<group>"; };
		04EBAC2A218B41E900708FDE /* ZDIMenuView.m */ = {isa = PBXFileReference; lastKnownFileType = sourcecode.c.objc; path = ZDIMenuView.m; sourceTree = "<group>"; };
		04EBAC2D218BD16400708FDE /* ZDIContainerViewController.h */ = {isa = PBXFileReference; lastKnownFileType = sourcecode.c.h; path = ZDIContainerViewController.h; sourceTree = "<group>"; };
		04EBAC2E218BD16400708FDE /* ZDIContainerViewController.m */ = {isa = PBXFileReference; lastKnownFileType = sourcecode.c.objc; path = ZDIContainerViewController.m; sourceTree = "<group>"; };
		04EBAC35218BD3AE00708FDE /* ZDIMenuTableViewCell.h */ = {isa = PBXFileReference; lastKnownFileType = sourcecode.c.h; path = ZDIMenuTableViewCell.h; sourceTree = "<group>"; };
		04EBAC36218BD3AE00708FDE /* ZDIMenuTableViewCell.m */ = {isa = PBXFileReference; lastKnownFileType = sourcecode.c.objc; path = ZDIMenuTableViewCell.m; sourceTree = "<group>"; };
		04EBAC3B218C4E8200708FDE /* ZDIHomePageTableViewSectionHeadView.h */ = {isa = PBXFileReference; lastKnownFileType = sourcecode.c.h; path = ZDIHomePageTableViewSectionHeadView.h; sourceTree = "<group>"; };
		04EBAC3C218C4E8200708FDE /* ZDIHomePageTableViewSectionHeadView.m */ = {isa = PBXFileReference; lastKnownFileType = sourcecode.c.objc; path = ZDIHomePageTableViewSectionHeadView.m; sourceTree = "<group>"; };
		04EBAC3E218DC95900708FDE /* Menu.png */ = {isa = PBXFileReference; lastKnownFileType = image.png; path = Menu.png; sourceTree = "<group>"; };
		04EBAC43218EE0AD00708FDE /* sun-knight.jpeg */ = {isa = PBXFileReference; lastKnownFileType = image.jpeg; path = "sun-knight.jpeg"; sourceTree = "<group>"; };
		04EBAC45218EE21000708FDE /* homePage.png */ = {isa = PBXFileReference; lastKnownFileType = image.png; path = homePage.png; sourceTree = "<group>"; };
		04EBAC47218EEEF000708FDE /* ZDIMenuTableHeadView.h */ = {isa = PBXFileReference; lastKnownFileType = sourcecode.c.h; path = ZDIMenuTableHeadView.h; sourceTree = "<group>"; };
		04EBAC48218EEEF000708FDE /* ZDIMenuTableHeadView.m */ = {isa = PBXFileReference; lastKnownFileType = sourcecode.c.objc; path = ZDIMenuTableHeadView.m; sourceTree = "<group>"; };
		04EBAC4A218EEF0000708FDE /* ZDIMenuTableFootView.h */ = {isa = PBXFileReference; lastKnownFileType = sourcecode.c.h; path = ZDIMenuTableFootView.h; sourceTree = "<group>"; };
		04EBAC4B218EEF0000708FDE /* ZDIMenuTableFootView.m */ = {isa = PBXFileReference; lastKnownFileType = sourcecode.c.objc; path = ZDIMenuTableFootView.m; sourceTree = "<group>"; };
		04EBAC4D218F120800708FDE /* five-pointed star.png */ = {isa = PBXFileReference; lastKnownFileType = image.png; path = "five-pointed star.png"; sourceTree = "<group>"; };
		04EBAC4F218F160900708FDE /* message.png */ = {isa = PBXFileReference; lastKnownFileType = image.png; path = message.png; sourceTree = "<group>"; };
		04EBAC51218F2A0600708FDE /* set.png */ = {isa = PBXFileReference; lastKnownFileType = image.png; path = set.png; sourceTree = "<group>"; };
		04EBAC53218F2C0600708FDE /* downLoad.png */ = {isa = PBXFileReference; lastKnownFileType = image.png; path = downLoad.png; sourceTree = "<group>"; };
		04EBAC55218F2E4700708FDE /* night-pattern.png */ = {isa = PBXFileReference; lastKnownFileType = image.png; path = "night-pattern.png"; sourceTree = "<group>"; };
		04EBAC5B21908A8000708FDE /* ZDIHomePageManager.h */ = {isa = PBXFileReference; lastKnownFileType = sourcecode.c.h; path = ZDIHomePageManager.h; sourceTree = "<group>"; };
		04EBAC5C21908A8000708FDE /* ZDIHomePageManager.m */ = {isa = PBXFileReference; lastKnownFileType = sourcecode.c.objc; path = ZDIHomePageManager.m; sourceTree = "<group>"; };
		04EBAC5E2191C30C00708FDE /* ZDIDailyDataModel.h */ = {isa = PBXFileReference; lastKnownFileType = sourcecode.c.h; path = ZDIDailyDataModel.h; sourceTree = "<group>"; };
		04EBAC5F2191C30C00708FDE /* ZDIDailyDataModel.m */ = {isa = PBXFileReference; lastKnownFileType = sourcecode.c.objc; path = ZDIDailyDataModel.m; sourceTree = "<group>"; };
		04EBFF8421A17E83003F470B /* ZDIWebPageViewController.h */ = {isa = PBXFileReference; lastKnownFileType = sourcecode.c.h; path = ZDIWebPageViewController.h; sourceTree = "<group>"; };
		04EBFF8521A17E83003F470B /* ZDIWebPageViewController.m */ = {isa = PBXFileReference; lastKnownFileType = sourcecode.c.objc; path = ZDIWebPageViewController.m; sourceTree = "<group>"; };
		04EBFF8721A17F31003F470B /* ZDIWebPageView.h */ = {isa = PBXFileReference; lastKnownFileType = sourcecode.c.h; path = ZDIWebPageView.h; sourceTree = "<group>"; };
		04EBFF8821A17F31003F470B /* ZDIWebPageView.m */ = {isa = PBXFileReference; lastKnownFileType = sourcecode.c.objc; path = ZDIWebPageView.m; sourceTree = "<group>"; };
		04EBFF8A21A2BA8D003F470B /* ZDIWebPageBottomView.h */ = {isa = PBXFileReference; lastKnownFileType = sourcecode.c.h; path = ZDIWebPageBottomView.h; sourceTree = "<group>"; };
		04EBFF9921A2DA17003F470B /* next.png */ = {isa = PBXFileReference; lastKnownFileType = image.png; path = next.png; sourceTree = "<group>"; };
		04EBFF9A21A2DA17003F470B /* share.png */ = {isa = PBXFileReference; lastKnownFileType = image.png; path = share.png; sourceTree = "<group>"; };
		04EBFF9C21A2DA17003F470B /* commit.png */ = {isa = PBXFileReference; lastKnownFileType = image.png; path = commit.png; sourceTree = "<group>"; };
		04EBFFA121A2DA1C003F470B /* return.png */ = {isa = PBXFileReference; lastKnownFileType = image.png; path = return.png; sourceTree = "<group>"; };
		04EBFFA321A2DAD9003F470B /* ZDIWebPageBottomView.m */ = {isa = PBXFileReference; fileEncoding = 4; lastKnownFileType = sourcecode.c.objc; path = ZDIWebPageBottomView.m; sourceTree = "<group>"; };
		04EBFFA521A2E33C003F470B /* upVote.png */ = {isa = PBXFileReference; lastKnownFileType = image.png; path = upVote.png; sourceTree = "<group>"; };
		338E584827BEA8CFD0790911 /* libPods-zhihu-daily-ImitationDemo.a */ = {isa = PBXFileReference; explicitFileType = archive.ar; includeInIndex = 0; path = "libPods-zhihu-daily-ImitationDemo.a"; sourceTree = BUILT_PRODUCTS_DIR; };
		77CE07051F0C04404A85DD1F /* Pods-zhihu-daily-ImitationDemo.release.xcconfig */ = {isa = PBXFileReference; includeInIndex = 1; lastKnownFileType = text.xcconfig; name = "Pods-zhihu-daily-ImitationDemo.release.xcconfig"; path = "Pods/Target Support Files/Pods-zhihu-daily-ImitationDemo/Pods-zhihu-daily-ImitationDemo.release.xcconfig"; sourceTree = "<group>"; };
		DBAD9BCBA95F613B982CB8A9 /* Pods-zhihu-daily-ImitationDemo.debug.xcconfig */ = {isa = PBXFileReference; includeInIndex = 1; lastKnownFileType = text.xcconfig; name = "Pods-zhihu-daily-ImitationDemo.debug.xcconfig"; path = "Pods/Target Support Files/Pods-zhihu-daily-ImitationDemo/Pods-zhihu-daily-ImitationDemo.debug.xcconfig"; sourceTree = "<group>"; };
/* End PBXFileReference section */

/* Begin PBXFrameworksBuildPhase section */
		041342B721797D5D00486DF9 /* Frameworks */ = {
			isa = PBXFrameworksBuildPhase;
			buildActionMask = 2147483647;
			files = (
				5BB8A6D8D6E9CBEC31D15B13 /* libPods-zhihu-daily-ImitationDemo.a in Frameworks */,
			);
			runOnlyForDeploymentPostprocessing = 0;
		};
/* End PBXFrameworksBuildPhase section */

/* Begin PBXGroup section */
		041342B121797D5D00486DF9 = {
			isa = PBXGroup;
			children = (
				04134381217F522D00486DF9 /* TestPicture */,
				041342BC21797D5D00486DF9 /* zhihu-daily-ImitationDemo */,
				041342BB21797D5D00486DF9 /* Products */,
				44128A71D70593531BB19EE5 /* Pods */,
				FF8BFB9717667C70B8C8BAFA /* Frameworks */,
			);
			sourceTree = "<group>";
		};
		041342BB21797D5D00486DF9 /* Products */ = {
			isa = PBXGroup;
			children = (
				041342BA21797D5D00486DF9 /* zhihu-daily-ImitationDemo.app */,
			);
			name = Products;
			sourceTree = "<group>";
		};
		041342BC21797D5D00486DF9 /* zhihu-daily-ImitationDemo */ = {
			isa = PBXGroup;
			children = (
				0485A85221A5928B00B62907 /* ThirdSupport */,
				041342CB21797D5E00486DF9 /* Info.plist */,
				04134331217E108E00486DF9 /* Main */,
				041342D321797FED00486DF9 /* Classes */,
			);
			path = "zhihu-daily-ImitationDemo";
			sourceTree = "<group>";
		};
		041342D321797FED00486DF9 /* Classes */ = {
			isa = PBXGroup;
			children = (
				0423B62B21C9DE54005C05C4 /* DB */,
				0485A84221A5777400B62907 /* CommitPage */,
				04EBFF8021A17CC7003F470B /* WebPage */,
				04EBAC5A21905FF900708FDE /* Manager */,
				04EBAC30218BD1C700708FDE /* Menu */,
				04EBAC2C218BD13000708FDE /* Container */,
				04134335217E11C200486DF9 /* HomePage */,
			);
			path = Classes;
			sourceTree = "<group>";
		};
		041342D421797FED00486DF9 /* Controller */ = {
			isa = PBXGroup;
			children = (
				04134375217F3ED900486DF9 /* ZDIHomePageViewController.h */,
				04134376217F3ED900486DF9 /* ZDIHomePageViewController.m */,
			);
			path = Controller;
			sourceTree = "<group>";
		};
		041342D521797FED00486DF9 /* Model */ = {
			isa = PBXGroup;
			children = (
				04EBAC5E2191C30C00708FDE /* ZDIDailyDataModel.h */,
				04EBAC5F2191C30C00708FDE /* ZDIDailyDataModel.m */,
			);
			path = Model;
			sourceTree = "<group>";
		};
		041342D621797FED00486DF9 /* View */ = {
			isa = PBXGroup;
			children = (
				04134378217F3F8E00486DF9 /* ZDIHomePageTableViewGroupView.h */,
				04134379217F3F8E00486DF9 /* ZDIHomePageTableViewGroupView.m */,
				0413437E217F4CA200486DF9 /* ZDIHomePageNormalTableViewCell.h */,
				0413437F217F4CA200486DF9 /* ZDIHomePageNormalTableViewCell.m */,
				0413438421819DC000486DF9 /* ZDIHomePageCarouselView.h */,
				0413438521819DC100486DF9 /* ZDIHomePageCarouselView.m */,
				04EBAC3B218C4E8200708FDE /* ZDIHomePageTableViewSectionHeadView.h */,
				04EBAC3C218C4E8200708FDE /* ZDIHomePageTableViewSectionHeadView.m */,
				0410C8022198955300D4BE6B /* ZDIHomePageCarouselButton.h */,
				0410C8032198955300D4BE6B /* ZDIHomePageCarouselButton.m */,
				0410C805219B0F5700D4BE6B /* ZDIHomePageLatestTableViewCell.h */,
				0410C806219B0F5700D4BE6B /* ZDIHomePageLatestTableViewCell.m */,
			);
			path = View;
			sourceTree = "<group>";
		};
		04134331217E108E00486DF9 /* Main */ = {
			isa = PBXGroup;
			children = (
				041342BD21797D5D00486DF9 /* AppDelegate.h */,
				041342BE21797D5D00486DF9 /* AppDelegate.m */,
				041342C321797D5D00486DF9 /* Main.storyboard */,
				041342C621797D5E00486DF9 /* Assets.xcassets */,
				041342C821797D5E00486DF9 /* LaunchScreen.storyboard */,
				041342CC21797D5E00486DF9 /* main.m */,
			);
			path = Main;
			sourceTree = "<group>";
		};
		04134335217E11C200486DF9 /* HomePage */ = {
			isa = PBXGroup;
			children = (
				041342D421797FED00486DF9 /* Controller */,
				041342D521797FED00486DF9 /* Model */,
				041342D621797FED00486DF9 /* View */,
			);
			path = HomePage;
			sourceTree = "<group>";
		};
		04134381217F522D00486DF9 /* TestPicture */ = {
			isa = PBXGroup;
			children = (
				0485A87021A933AE00B62907 /* commitUpvote.png */,
				0401546321BA66E900FE372C /* doubleDown.png */,
				0401546521BAA91100FE372C /* doubleUp.png */,
				0485A86821A6B0C400B62907 /* placeholderSofa.png */,
				04EBAC3E218DC95900708FDE /* Menu.png */,
				04134382217F529B00486DF9 /* test1.JPG */,
				0413438A21819EBA00486DF9 /* 0.JPG */,
				0413438821819EBA00486DF9 /* 1.JPG */,
				0413438B21819EBB00486DF9 /* 2.JPG */,
				0413438721819EBA00486DF9 /* 3.JPG */,
				0413438921819EBA00486DF9 /* 4.JPG */,
				04EBFF9A21A2DA17003F470B /* share.png */,
				04EBFF9C21A2DA17003F470B /* commit.png */,
				04EBFF9921A2DA17003F470B /* next.png */,
				04EBFFA121A2DA1C003F470B /* return.png */,
				04EBAC43218EE0AD00708FDE /* sun-knight.jpeg */,
				04EBFFA521A2E33C003F470B /* upVote.png */,
				04EBAC45218EE21000708FDE /* homePage.png */,
				04EBAC4D218F120800708FDE /* five-pointed star.png */,
				04EBAC4F218F160900708FDE /* message.png */,
				04EBAC51218F2A0600708FDE /* set.png */,
				04EBAC53218F2C0600708FDE /* downLoad.png */,
				04EBAC55218F2E4700708FDE /* night-pattern.png */,
				0423B58221C138E0005C05C4 /* starGrey.png */,
				0423B58321C138E0005C05C4 /* starGolden.png */,
			);
			path = TestPicture;
			sourceTree = "<group>";
		};
		0423B62B21C9DE54005C05C4 /* DB */ = {
			isa = PBXGroup;
			children = (
				0423B65621CA8531005C05C4 /* ZDIHomePageDBManager.h */,
				0423B65721CA8531005C05C4 /* ZDIHomePageDBManager.m */,
			);
			path = DB;
			sourceTree = "<group>";
		};
		0485A84221A5777400B62907 /* CommitPage */ = {
			isa = PBXGroup;
			children = (
				0485A84521A5779400B62907 /* Controller */,
				0485A84421A5779000B62907 /* View */,
				0485A84321A5778B00B62907 /* Model */,
			);
			path = CommitPage;
			sourceTree = "<group>";
		};
		0485A84321A5778B00B62907 /* Model */ = {
			isa = PBXGroup;
			children = (
				0485A84F21A57AE400B62907 /* ZDICommitPageModel.h */,
				0485A85021A57AE400B62907 /* ZDICommitPageModel.m */,
			);
			path = Model;
			sourceTree = "<group>";
		};
		0485A84421A5779000B62907 /* View */ = {
			isa = PBXGroup;
			children = (
				0485A84921A5780400B62907 /* ZDICommitPageView.h */,
				0485A84A21A5780400B62907 /* ZDICommitPageView.m */,
				0485A86521A6ACD600B62907 /* ZDICommitPagePlaceholderView.h */,
				0485A86621A6ACD600B62907 /* ZDICommitPagePlaceholderView.m */,
				0485A86A21A7F24E00B62907 /* ZDICommitPageTableViewCell.h */,
				0485A86B21A7F24E00B62907 /* ZDICommitPageTableViewCell.m */,
				0485A87221AA415800B62907 /* ZDICommitPageSectionView.h */,
				0485A87321AA415800B62907 /* ZDICommitPageSectionView.m */,
			);
			path = View;
			sourceTree = "<group>";
		};
		0485A84521A5779400B62907 /* Controller */ = {
			isa = PBXGroup;
			children = (
				0485A84621A577F100B62907 /* ZDICommitPageViewController.h */,
				0485A84721A577F100B62907 /* ZDICommitPageViewController.m */,
			);
			path = Controller;
			sourceTree = "<group>";
		};
		0485A85221A5928B00B62907 /* ThirdSupport */ = {
			isa = PBXGroup;
			children = (
				0485A86D21A7F2D200B62907 /* UILabel+LabelHeight.h */,
				0485A86E21A7F2D200B62907 /* UILabel+LabelHeight.m */,
			);
			path = ThirdSupport;
			sourceTree = "<group>";
		};
		04EBAC2C218BD13000708FDE /* Container */ = {
			isa = PBXGroup;
			children = (
				04EBAC34218BD28500708FDE /* Controller */,
			);
			path = Container;
			sourceTree = "<group>";
		};
		04EBAC30218BD1C700708FDE /* Menu */ = {
			isa = PBXGroup;
			children = (
				04EBAC33218BD1EC00708FDE /* Model */,
				04EBAC32218BD1E800708FDE /* View */,
				04EBAC31218BD1E500708FDE /* Controller */,
			);
			path = Menu;
			sourceTree = "<group>";
		};
		04EBAC31218BD1E500708FDE /* Controller */ = {
			isa = PBXGroup;
			children = (
				04EBAC23218B2A4D00708FDE /* ZDIMenuViewController.h */,
				04EBAC24218B2A4D00708FDE /* ZDIMenuViewController.m */,
			);
			path = Controller;
			sourceTree = "<group>";
		};
		04EBAC32218BD1E800708FDE /* View */ = {
			isa = PBXGroup;
			children = (
				04EBAC29218B41E900708FDE /* ZDIMenuView.h */,
				04EBAC2A218B41E900708FDE /* ZDIMenuView.m */,
				04EBAC35218BD3AE00708FDE /* ZDIMenuTableViewCell.h */,
				04EBAC36218BD3AE00708FDE /* ZDIMenuTableViewCell.m */,
				04EBAC47218EEEF000708FDE /* ZDIMenuTableHeadView.h */,
				04EBAC48218EEEF000708FDE /* ZDIMenuTableHeadView.m */,
				04EBAC4A218EEF0000708FDE /* ZDIMenuTableFootView.h */,
				04EBAC4B218EEF0000708FDE /* ZDIMenuTableFootView.m */,
			);
			path = View;
			sourceTree = "<group>";
		};
		04EBAC33218BD1EC00708FDE /* Model */ = {
			isa = PBXGroup;
			children = (
			);
			path = Model;
			sourceTree = "<group>";
		};
		04EBAC34218BD28500708FDE /* Controller */ = {
			isa = PBXGroup;
			children = (
				04EBAC2D218BD16400708FDE /* ZDIContainerViewController.h */,
				04EBAC2E218BD16400708FDE /* ZDIContainerViewController.m */,
			);
			path = Controller;
			sourceTree = "<group>";
		};
		04EBAC5A21905FF900708FDE /* Manager */ = {
			isa = PBXGroup;
			children = (
				04EBAC5B21908A8000708FDE /* ZDIHomePageManager.h */,
				04EBAC5C21908A8000708FDE /* ZDIHomePageManager.m */,
				0485A84C21A57AA900B62907 /* ZDICommitPageManager.h */,
				0485A84D21A57AA900B62907 /* ZDICommitPageManager.m */,
				0485A86221A64DCA00B62907 /* ZDIWebPageManager.h */,
				0485A86321A64DCA00B62907 /* ZDIWebPageManager.m */,
			);
			path = Manager;
			sourceTree = "<group>";
		};
		04EBFF8021A17CC7003F470B /* WebPage */ = {
			isa = PBXGroup;
			children = (
				04EBFF8321A17D9C003F470B /* Model */,
				04EBFF8221A17D96003F470B /* View */,
				04EBFF8121A17D7D003F470B /* Controller */,
			);
			path = WebPage;
			sourceTree = "<group>";
		};
		04EBFF8121A17D7D003F470B /* Controller */ = {
			isa = PBXGroup;
			children = (
				04EBFF8421A17E83003F470B /* ZDIWebPageViewController.h */,
				04EBFF8521A17E83003F470B /* ZDIWebPageViewController.m */,
			);
			path = Controller;
			sourceTree = "<group>";
		};
		04EBFF8221A17D96003F470B /* View */ = {
			isa = PBXGroup;
			children = (
				04EBFF8721A17F31003F470B /* ZDIWebPageView.h */,
				04EBFF8821A17F31003F470B /* ZDIWebPageView.m */,
				04EBFF8A21A2BA8D003F470B /* ZDIWebPageBottomView.h */,
				04EBFFA321A2DAD9003F470B /* ZDIWebPageBottomView.m */,
				0423B57C21C01574005C05C4 /* ZDIWebPageBounceView.h */,
				0423B57D21C01574005C05C4 /* ZDIWebPageBounceView.m */,
				0423B57F21C12D22005C05C4 /* ZDIWebPageBounceCollectView.h */,
				0423B58021C12D23005C05C4 /* ZDIWebPageBounceCollectView.m */,
			);
			path = View;
			sourceTree = "<group>";
		};
		04EBFF8321A17D9C003F470B /* Model */ = {
			isa = PBXGroup;
			children = (
				0485A85F21A64C0200B62907 /* ZDIWebPageExtraInformationModel.h */,
				0485A86021A64C0200B62907 /* ZDIWebPageExtraInformationModel.m */,
			);
			path = Model;
			sourceTree = "<group>";
		};
		44128A71D70593531BB19EE5 /* Pods */ = {
			isa = PBXGroup;
			children = (
				DBAD9BCBA95F613B982CB8A9 /* Pods-zhihu-daily-ImitationDemo.debug.xcconfig */,
				77CE07051F0C04404A85DD1F /* Pods-zhihu-daily-ImitationDemo.release.xcconfig */,
			);
			name = Pods;
			sourceTree = "<group>";
		};
		FF8BFB9717667C70B8C8BAFA /* Frameworks */ = {
			isa = PBXGroup;
			children = (
				338E584827BEA8CFD0790911 /* libPods-zhihu-daily-ImitationDemo.a */,
			);
			name = Frameworks;
			sourceTree = "<group>";
		};
/* End PBXGroup section */

/* Begin PBXNativeTarget section */
		041342B921797D5D00486DF9 /* zhihu-daily-ImitationDemo */ = {
			isa = PBXNativeTarget;
			buildConfigurationList = 041342D021797D5E00486DF9 /* Build configuration list for PBXNativeTarget "zhihu-daily-ImitationDemo" */;
			buildPhases = (
				705A851B8BAA73CA049887E3 /* [CP] Check Pods Manifest.lock */,
				041342B621797D5D00486DF9 /* Sources */,
				041342B721797D5D00486DF9 /* Frameworks */,
				041342B821797D5D00486DF9 /* Resources */,
			);
			buildRules = (
			);
			dependencies = (
			);
			name = "zhihu-daily-ImitationDemo";
			productName = "zhihu-daily-ImitationDemo";
			productReference = 041342BA21797D5D00486DF9 /* zhihu-daily-ImitationDemo.app */;
			productType = "com.apple.product-type.application";
		};
/* End PBXNativeTarget section */

/* Begin PBXProject section */
		041342B221797D5D00486DF9 /* Project object */ = {
			isa = PBXProject;
			attributes = {
				LastUpgradeCheck = 1000;
				ORGANIZATIONNAME = "姜凯文";
				TargetAttributes = {
					041342B921797D5D00486DF9 = {
						CreatedOnToolsVersion = 10.0;
					};
				};
			};
			buildConfigurationList = 041342B521797D5D00486DF9 /* Build configuration list for PBXProject "zhihu-daily-ImitationDemo" */;
			compatibilityVersion = "Xcode 9.3";
			developmentRegion = en;
			hasScannedForEncodings = 0;
			knownRegions = (
				en,
				Base,
			);
			mainGroup = 041342B121797D5D00486DF9;
			productRefGroup = 041342BB21797D5D00486DF9 /* Products */;
			projectDirPath = "";
			projectRoot = "";
			targets = (
				041342B921797D5D00486DF9 /* zhihu-daily-ImitationDemo */,
			);
		};
/* End PBXProject section */

/* Begin PBXResourcesBuildPhase section */
		041342B821797D5D00486DF9 /* Resources */ = {
			isa = PBXResourcesBuildPhase;
			buildActionMask = 2147483647;
			files = (
				04EBAC52218F2A0600708FDE /* set.png in Resources */,
				04EBAC54218F2C0700708FDE /* downLoad.png in Resources */,
				04EBAC3F218DC95900708FDE /* Menu.png in Resources */,
				04EBFFA021A2DA17003F470B /* commit.png in Resources */,
				0413439021819EBB00486DF9 /* 2.JPG in Resources */,
				0413438F21819EBB00486DF9 /* 0.JPG in Resources */,
				0485A86921A6B0C400B62907 /* placeholderSofa.png in Resources */,
				0423B58521C138E0005C05C4 /* starGolden.png in Resources */,
				0413438D21819EBB00486DF9 /* 1.JPG in Resources */,
				04EBAC56218F2E4800708FDE /* night-pattern.png in Resources */,
				041342CA21797D5E00486DF9 /* LaunchScreen.storyboard in Resources */,
				04EBFF9E21A2DA17003F470B /* share.png in Resources */,
				04EBAC46218EE21000708FDE /* homePage.png in Resources */,
				04EBAC4E218F120800708FDE /* five-pointed star.png in Resources */,
				0423B58421C138E0005C05C4 /* starGrey.png in Resources */,
				041342C721797D5E00486DF9 /* Assets.xcassets in Resources */,
				04EBAC44218EE0AD00708FDE /* sun-knight.jpeg in Resources */,
				04EBFFA621A2E33C003F470B /* upVote.png in Resources */,
				0413438E21819EBB00486DF9 /* 4.JPG in Resources */,
				0401546621BAA91100FE372C /* doubleUp.png in Resources */,
				04EBAC50218F160A00708FDE /* message.png in Resources */,
				041342C521797D5D00486DF9 /* Main.storyboard in Resources */,
				0413438C21819EBB00486DF9 /* 3.JPG in Resources */,
				04EBFF9D21A2DA17003F470B /* next.png in Resources */,
				04134383217F529B00486DF9 /* test1.JPG in Resources */,
				0485A87121A933AE00B62907 /* commitUpvote.png in Resources */,
				0401546421BA66E900FE372C /* doubleDown.png in Resources */,
				04EBFFA221A2DA1C003F470B /* return.png in Resources */,
			);
			runOnlyForDeploymentPostprocessing = 0;
		};
/* End PBXResourcesBuildPhase section */

/* Begin PBXShellScriptBuildPhase section */
		705A851B8BAA73CA049887E3 /* [CP] Check Pods Manifest.lock */ = {
			isa = PBXShellScriptBuildPhase;
			buildActionMask = 2147483647;
			files = (
			);
			inputFileListPaths = (
			);
			inputPaths = (
				"${PODS_PODFILE_DIR_PATH}/Podfile.lock",
				"${PODS_ROOT}/Manifest.lock",
			);
			name = "[CP] Check Pods Manifest.lock";
			outputFileListPaths = (
			);
			outputPaths = (
				"$(DERIVED_FILE_DIR)/Pods-zhihu-daily-ImitationDemo-checkManifestLockResult.txt",
			);
			runOnlyForDeploymentPostprocessing = 0;
			shellPath = /bin/sh;
			shellScript = "diff \"${PODS_PODFILE_DIR_PATH}/Podfile.lock\" \"${PODS_ROOT}/Manifest.lock\" > /dev/null\nif [ $? != 0 ] ; then\n    # print error to STDERR\n    echo \"error: The sandbox is not in sync with the Podfile.lock. Run 'pod install' or update your CocoaPods installation.\" >&2\n    exit 1\nfi\n# This output is used by Xcode 'outputs' to avoid re-running this script phase.\necho \"SUCCESS\" > \"${SCRIPT_OUTPUT_FILE_0}\"\n";
			showEnvVarsInLog = 0;
		};
/* End PBXShellScriptBuildPhase section */

/* Begin PBXSourcesBuildPhase section */
		041342B621797D5D00486DF9 /* Sources */ = {
			isa = PBXSourcesBuildPhase;
			buildActionMask = 2147483647;
			files = (
				04134380217F4CA200486DF9 /* ZDIHomePageNormalTableViewCell.m in Sources */,
				0423B57E21C01574005C05C4 /* ZDIWebPageBounceView.m in Sources */,
				04EBAC37218BD3AE00708FDE /* ZDIMenuTableViewCell.m in Sources */,
				04EBAC2F218BD16400708FDE /* ZDIContainerViewController.m in Sources */,
				0423B65821CA8531005C05C4 /* ZDIHomePageDBManager.m in Sources */,
				04EBAC602191C30C00708FDE /* ZDIDailyDataModel.m in Sources */,
				0485A86421A64DCA00B62907 /* ZDIWebPageManager.m in Sources */,
				04EBAC25218B2A4D00708FDE /* ZDIMenuViewController.m in Sources */,
				0485A85121A57AE400B62907 /* ZDICommitPageModel.m in Sources */,
				04EBAC2B218B41E900708FDE /* ZDIMenuView.m in Sources */,
				0413438621819DC100486DF9 /* ZDIHomePageCarouselView.m in Sources */,
				0485A84821A577F100B62907 /* ZDICommitPageViewController.m in Sources */,
				0485A86721A6ACD600B62907 /* ZDICommitPagePlaceholderView.m in Sources */,
				04EBFF8921A17F31003F470B /* ZDIWebPageView.m in Sources */,
				04EBAC5D21908A8000708FDE /* ZDIHomePageManager.m in Sources */,
				04EBAC49218EEEF000708FDE /* ZDIMenuTableHeadView.m in Sources */,
				041342CD21797D5E00486DF9 /* main.m in Sources */,
				0485A84E21A57AA900B62907 /* ZDICommitPageManager.m in Sources */,
				0485A86F21A7F2D200B62907 /* UILabel+LabelHeight.m in Sources */,
				04EBAC4C218EEF0000708FDE /* ZDIMenuTableFootView.m in Sources */,
				04134377217F3ED900486DF9 /* ZDIHomePageViewController.m in Sources */,
				0485A87421AA415800B62907 /* ZDICommitPageSectionView.m in Sources */,
				0485A86121A64C0200B62907 /* ZDIWebPageExtraInformationModel.m in Sources */,
				04EBFF8621A17E83003F470B /* ZDIWebPageViewController.m in Sources */,
				0423B58121C12D23005C05C4 /* ZDIWebPageBounceCollectView.m in Sources */,
				0413437A217F3F8E00486DF9 /* ZDIHomePageTableViewGroupView.m in Sources */,
				041342BF21797D5D00486DF9 /* AppDelegate.m in Sources */,
				04EBAC3D218C4E8200708FDE /* ZDIHomePageTableViewSectionHeadView.m in Sources */,
				0410C8042198955300D4BE6B /* ZDIHomePageCarouselButton.m in Sources */,
				0410C807219B0F5700D4BE6B /* ZDIHomePageLatestTableViewCell.m in Sources */,
				0485A86C21A7F24E00B62907 /* ZDICommitPageTableViewCell.m in Sources */,
				0485A84B21A5780400B62907 /* ZDICommitPageView.m in Sources */,
				04EBFFA421A2DAD9003F470B /* ZDIWebPageBottomView.m in Sources */,
			);
			runOnlyForDeploymentPostprocessing = 0;
		};
/* End PBXSourcesBuildPhase section */

/* Begin PBXVariantGroup section */
		041342C321797D5D00486DF9 /* Main.storyboard */ = {
			isa = PBXVariantGroup;
			children = (
				041342C421797D5D00486DF9 /* Base */,
			);
			name = Main.storyboard;
			sourceTree = "<group>";
		};
		041342C821797D5E00486DF9 /* LaunchScreen.storyboard */ = {
			isa = PBXVariantGroup;
			children = (
				041342C921797D5E00486DF9 /* Base */,
			);
			name = LaunchScreen.storyboard;
			sourceTree = "<group>";
		};
/* End PBXVariantGroup section */

/* Begin XCBuildConfiguration section */
		041342CE21797D5E00486DF9 /* Debug */ = {
			isa = XCBuildConfiguration;
			buildSettings = {
				ALWAYS_SEARCH_USER_PATHS = NO;
				CLANG_ANALYZER_NONNULL = YES;
				CLANG_ANALYZER_NUMBER_OBJECT_CONVERSION = YES_AGGRESSIVE;
				CLANG_CXX_LANGUAGE_STANDARD = "gnu++14";
				CLANG_CXX_LIBRARY = "libc++";
				CLANG_ENABLE_MODULES = YES;
				CLANG_ENABLE_OBJC_ARC = YES;
				CLANG_ENABLE_OBJC_WEAK = YES;
				CLANG_WARN_BLOCK_CAPTURE_AUTORELEASING = YES;
				CLANG_WARN_BOOL_CONVERSION = YES;
				CLANG_WARN_COMMA = YES;
				CLANG_WARN_CONSTANT_CONVERSION = YES;
				CLANG_WARN_DEPRECATED_OBJC_IMPLEMENTATIONS = YES;
				CLANG_WARN_DIRECT_OBJC_ISA_USAGE = YES_ERROR;
				CLANG_WARN_DOCUMENTATION_COMMENTS = YES;
				CLANG_WARN_EMPTY_BODY = YES;
				CLANG_WARN_ENUM_CONVERSION = YES;
				CLANG_WARN_INFINITE_RECURSION = YES;
				CLANG_WARN_INT_CONVERSION = YES;
				CLANG_WARN_NON_LITERAL_NULL_CONVERSION = YES;
				CLANG_WARN_OBJC_IMPLICIT_RETAIN_SELF = YES;
				CLANG_WARN_OBJC_LITERAL_CONVERSION = YES;
				CLANG_WARN_OBJC_ROOT_CLASS = YES_ERROR;
				CLANG_WARN_RANGE_LOOP_ANALYSIS = YES;
				CLANG_WARN_STRICT_PROTOTYPES = YES;
				CLANG_WARN_SUSPICIOUS_MOVE = YES;
				CLANG_WARN_UNGUARDED_AVAILABILITY = YES_AGGRESSIVE;
				CLANG_WARN_UNREACHABLE_CODE = YES;
				CLANG_WARN__DUPLICATE_METHOD_MATCH = YES;
				CODE_SIGN_IDENTITY = "iPhone Developer";
				COPY_PHASE_STRIP = NO;
				DEBUG_INFORMATION_FORMAT = dwarf;
				ENABLE_STRICT_OBJC_MSGSEND = YES;
				ENABLE_TESTABILITY = YES;
				GCC_C_LANGUAGE_STANDARD = gnu11;
				GCC_DYNAMIC_NO_PIC = NO;
				GCC_NO_COMMON_BLOCKS = YES;
				GCC_OPTIMIZATION_LEVEL = 0;
				GCC_PREPROCESSOR_DEFINITIONS = (
					"DEBUG=1",
					"$(inherited)",
				);
				GCC_WARN_64_TO_32_BIT_CONVERSION = YES;
				GCC_WARN_ABOUT_RETURN_TYPE = YES_ERROR;
				GCC_WARN_UNDECLARED_SELECTOR = YES;
				GCC_WARN_UNINITIALIZED_AUTOS = YES_AGGRESSIVE;
				GCC_WARN_UNUSED_FUNCTION = YES;
				GCC_WARN_UNUSED_VARIABLE = YES;
				IPHONEOS_DEPLOYMENT_TARGET = 12.0;
				MTL_ENABLE_DEBUG_INFO = INCLUDE_SOURCE;
				MTL_FAST_MATH = YES;
				ONLY_ACTIVE_ARCH = YES;
				SDKROOT = iphoneos;
			};
			name = Debug;
		};
		041342CF21797D5E00486DF9 /* Release */ = {
			isa = XCBuildConfiguration;
			buildSettings = {
				ALWAYS_SEARCH_USER_PATHS = NO;
				CLANG_ANALYZER_NONNULL = YES;
				CLANG_ANALYZER_NUMBER_OBJECT_CONVERSION = YES_AGGRESSIVE;
				CLANG_CXX_LANGUAGE_STANDARD = "gnu++14";
				CLANG_CXX_LIBRARY = "libc++";
				CLANG_ENABLE_MODULES = YES;
				CLANG_ENABLE_OBJC_ARC = YES;
				CLANG_ENABLE_OBJC_WEAK = YES;
				CLANG_WARN_BLOCK_CAPTURE_AUTORELEASING = YES;
				CLANG_WARN_BOOL_CONVERSION = YES;
				CLANG_WARN_COMMA = YES;
				CLANG_WARN_CONSTANT_CONVERSION = YES;
				CLANG_WARN_DEPRECATED_OBJC_IMPLEMENTATIONS = YES;
				CLANG_WARN_DIRECT_OBJC_ISA_USAGE = YES_ERROR;
				CLANG_WARN_DOCUMENTATION_COMMENTS = YES;
				CLANG_WARN_EMPTY_BODY = YES;
				CLANG_WARN_ENUM_CONVERSION = YES;
				CLANG_WARN_INFINITE_RECURSION = YES;
				CLANG_WARN_INT_CONVERSION = YES;
				CLANG_WARN_NON_LITERAL_NULL_CONVERSION = YES;
				CLANG_WARN_OBJC_IMPLICIT_RETAIN_SELF = YES;
				CLANG_WARN_OBJC_LITERAL_CONVERSION = YES;
				CLANG_WARN_OBJC_ROOT_CLASS = YES_ERROR;
				CLANG_WARN_RANGE_LOOP_ANALYSIS = YES;
				CLANG_WARN_STRICT_PROTOTYPES = YES;
				CLANG_WARN_SUSPICIOUS_MOVE = YES;
				CLANG_WARN_UNGUARDED_AVAILABILITY = YES_AGGRESSIVE;
				CLANG_WARN_UNREACHABLE_CODE = YES;
				CLANG_WARN__DUPLICATE_METHOD_MATCH = YES;
				CODE_SIGN_IDENTITY = "iPhone Developer";
				COPY_PHASE_STRIP = NO;
				DEBUG_INFORMATION_FORMAT = "dwarf-with-dsym";
				ENABLE_NS_ASSERTIONS = NO;
				ENABLE_STRICT_OBJC_MSGSEND = YES;
				GCC_C_LANGUAGE_STANDARD = gnu11;
				GCC_NO_COMMON_BLOCKS = YES;
				GCC_WARN_64_TO_32_BIT_CONVERSION = YES;
				GCC_WARN_ABOUT_RETURN_TYPE = YES_ERROR;
				GCC_WARN_UNDECLARED_SELECTOR = YES;
				GCC_WARN_UNINITIALIZED_AUTOS = YES_AGGRESSIVE;
				GCC_WARN_UNUSED_FUNCTION = YES;
				GCC_WARN_UNUSED_VARIABLE = YES;
				IPHONEOS_DEPLOYMENT_TARGET = 12.0;
				MTL_ENABLE_DEBUG_INFO = NO;
				MTL_FAST_MATH = YES;
				SDKROOT = iphoneos;
				VALIDATE_PRODUCT = YES;
			};
			name = Release;
		};
		041342D121797D5E00486DF9 /* Debug */ = {
			isa = XCBuildConfiguration;
			baseConfigurationReference = DBAD9BCBA95F613B982CB8A9 /* Pods-zhihu-daily-ImitationDemo.debug.xcconfig */;
			buildSettings = {
				ASSETCATALOG_COMPILER_APPICON_NAME = AppIcon;
				CODE_SIGN_STYLE = Automatic;
				DEVELOPMENT_TEAM = 94Q433PSKZ;
				INFOPLIST_FILE = "zhihu-daily-ImitationDemo/Info.plist";
				LD_RUNPATH_SEARCH_PATHS = (
					"$(inherited)",
					"@executable_path/Frameworks",
				);
				PRODUCT_BUNDLE_IDENTIFIER = "---.zhihu-daily-ImitationDemo";
				PRODUCT_NAME = "$(TARGET_NAME)";
				TARGETED_DEVICE_FAMILY = "1,2";
			};
			name = Debug;
		};
		041342D221797D5E00486DF9 /* Release */ = {
			isa = XCBuildConfiguration;
			baseConfigurationReference = 77CE07051F0C04404A85DD1F /* Pods-zhihu-daily-ImitationDemo.release.xcconfig */;
			buildSettings = {
				ASSETCATALOG_COMPILER_APPICON_NAME = AppIcon;
				CODE_SIGN_STYLE = Automatic;
				DEVELOPMENT_TEAM = 94Q433PSKZ;
				INFOPLIST_FILE = "zhihu-daily-ImitationDemo/Info.plist";
				LD_RUNPATH_SEARCH_PATHS = (
					"$(inherited)",
					"@executable_path/Frameworks",
				);
				PRODUCT_BUNDLE_IDENTIFIER = "---.zhihu-daily-ImitationDemo";
				PRODUCT_NAME = "$(TARGET_NAME)";
				TARGETED_DEVICE_FAMILY = "1,2";
			};
			name = Release;
		};
/* End XCBuildConfiguration section */

/* Begin XCConfigurationList section */
		041342B521797D5D00486DF9 /* Build configuration list for PBXProject "zhihu-daily-ImitationDemo" */ = {
			isa = XCConfigurationList;
			buildConfigurations = (
				041342CE21797D5E00486DF9 /* Debug */,
				041342CF21797D5E00486DF9 /* Release */,
			);
			defaultConfigurationIsVisible = 0;
			defaultConfigurationName = Release;
		};
		041342D021797D5E00486DF9 /* Build configuration list for PBXNativeTarget "zhihu-daily-ImitationDemo" */ = {
			isa = XCConfigurationList;
			buildConfigurations = (
				041342D121797D5E00486DF9 /* Debug */,
				041342D221797D5E00486DF9 /* Release */,
			);
			defaultConfigurationIsVisible = 0;
			defaultConfigurationName = Release;
		};
/* End XCConfigurationList section */
	};
	rootObject = 041342B221797D5D00486DF9 /* Project object */;
}
