// !$*UTF8*$!
{
	archiveVersion = 1;
	classes = {
	};
	objectVersion = 50;
	objects = {

/* Begin PBXBuildFile section */
		041342BF21797D5D00486DF9 /* AppDelegate.m in Sources */ = {isa = PBXBuildFile; fileRef = 041342BE21797D5D00486DF9 /* AppDelegate.m */; };
		041342C521797D5D00486DF9 /* Main.storyboard in Resources */ = {isa = PBXBuildFile; fileRef = 041342C321797D5D00486DF9 /* Main.storyboard */; };
		041342C721797D5E00486DF9 /* Assets.xcassets in Resources */ = {isa = PBXBuildFile; fileRef = 041342C621797D5E00486DF9 /* Assets.xcassets */; };
		041342CA21797D5E00486DF9 /* LaunchScreen.storyboard in Resources */ = {isa = PBXBuildFile; fileRef = 041342C821797D5E00486DF9 /* LaunchScreen.storyboard */; };
		041342CD21797D5E00486DF9 /* main.m in Sources */ = {isa = PBXBuildFile; fileRef = 041342CC21797D5E00486DF9 /* main.m */; };
		04134377217F3ED900486DF9 /* ZDIHomePageViewController.m in Sources */ = {isa = PBXBuildFile; fileRef = 04134376217F3ED900486DF9 /* ZDIHomePageViewController.m */; };
		0413437A217F3F8E00486DF9 /* ZDIHomePageTableViewGroupView.m in Sources */ = {isa = PBXBuildFile; fileRef = 04134379217F3F8E00486DF9 /* ZDIHomePageTableViewGroupView.m */; };
		0413437D217F4C9100486DF9 /* ZDIHomePageTitleTableViewCell.m in Sources */ = {isa = PBXBuildFile; fileRef = 0413437C217F4C9100486DF9 /* ZDIHomePageTitleTableViewCell.m */; };
		04134380217F4CA200486DF9 /* ZDIHomePageNormalTableViewCell.m in Sources */ = {isa = PBXBuildFile; fileRef = 0413437F217F4CA200486DF9 /* ZDIHomePageNormalTableViewCell.m */; };
		04134383217F529B00486DF9 /* test1.JPG in Resources */ = {isa = PBXBuildFile; fileRef = 04134382217F529B00486DF9 /* test1.JPG */; };
		0413438621819DC100486DF9 /* ZDIHomePageCarouselView.m in Sources */ = {isa = PBXBuildFile; fileRef = 0413438521819DC100486DF9 /* ZDIHomePageCarouselView.m */; };
		0413438C21819EBB00486DF9 /* 3.JPG in Resources */ = {isa = PBXBuildFile; fileRef = 0413438721819EBA00486DF9 /* 3.JPG */; };
		0413438D21819EBB00486DF9 /* 1.JPG in Resources */ = {isa = PBXBuildFile; fileRef = 0413438821819EBA00486DF9 /* 1.JPG */; };
		0413438E21819EBB00486DF9 /* 4.JPG in Resources */ = {isa = PBXBuildFile; fileRef = 0413438921819EBA00486DF9 /* 4.JPG */; };
		0413438F21819EBB00486DF9 /* 0.JPG in Resources */ = {isa = PBXBuildFile; fileRef = 0413438A21819EBA00486DF9 /* 0.JPG */; };
		0413439021819EBB00486DF9 /* 2.JPG in Resources */ = {isa = PBXBuildFile; fileRef = 0413438B21819EBB00486DF9 /* 2.JPG */; };
		04EBAC25218B2A4D00708FDE /* ZDIMenuViewController.m in Sources */ = {isa = PBXBuildFile; fileRef = 04EBAC24218B2A4D00708FDE /* ZDIMenuViewController.m */; };
		04EBAC2B218B41E900708FDE /* ZDIMenuView.m in Sources */ = {isa = PBXBuildFile; fileRef = 04EBAC2A218B41E900708FDE /* ZDIMenuView.m */; };
		04EBAC2F218BD16400708FDE /* ZDIContainerViewController.m in Sources */ = {isa = PBXBuildFile; fileRef = 04EBAC2E218BD16400708FDE /* ZDIContainerViewController.m */; };
		04EBAC37218BD3AE00708FDE /* ZDIMenuTableViewCell.m in Sources */ = {isa = PBXBuildFile; fileRef = 04EBAC36218BD3AE00708FDE /* ZDIMenuTableViewCell.m */; };
		04EBAC3A218BF24A00708FDE /* ZDINavChangeImage.m in Sources */ = {isa = PBXBuildFile; fileRef = 04EBAC39218BF24A00708FDE /* ZDINavChangeImage.m */; };
		04EBAC3D218C4E8200708FDE /* ZDIHomePageTableViewSectionHeadView.m in Sources */ = {isa = PBXBuildFile; fileRef = 04EBAC3C218C4E8200708FDE /* ZDIHomePageTableViewSectionHeadView.m */; };
		04EBAC3F218DC95900708FDE /* Menu.png in Resources */ = {isa = PBXBuildFile; fileRef = 04EBAC3E218DC95900708FDE /* Menu.png */; };
		5BB8A6D8D6E9CBEC31D15B13 /* libPods-zhihu-daily-ImitationDemo.a in Frameworks */ = {isa = PBXBuildFile; fileRef = 338E584827BEA8CFD0790911 /* libPods-zhihu-daily-ImitationDemo.a */; };
/* End PBXBuildFile section */

/* Begin PBXFileReference section */
		041342BA21797D5D00486DF9 /* zhihu-daily-ImitationDemo.app */ = {isa = PBXFileReference; explicitFileType = wrapper.application; includeInIndex = 0; path = "zhihu-daily-ImitationDemo.app"; sourceTree = BUILT_PRODUCTS_DIR; };
		041342BD21797D5D00486DF9 /* AppDelegate.h */ = {isa = PBXFileReference; lastKnownFileType = sourcecode.c.h; path = AppDelegate.h; sourceTree = "<group>"; };
		041342BE21797D5D00486DF9 /* AppDelegate.m */ = {isa = PBXFileReference; lastKnownFileType = sourcecode.c.objc; path = AppDelegate.m; sourceTree = "<group>"; };
		041342C421797D5D00486DF9 /* Base */ = {isa = PBXFileReference; lastKnownFileType = file.storyboard; name = Base; path = Base.lproj/Main.storyboard; sourceTree = "<group>"; };
		041342C621797D5E00486DF9 /* Assets.xcassets */ = {isa = PBXFileReference; lastKnownFileType = folder.assetcatalog; path = Assets.xcassets; sourceTree = "<group>"; };
		041342C921797D5E00486DF9 /* Base */ = {isa = PBXFileReference; lastKnownFileType = file.storyboard; name = Base; path = Base.lproj/LaunchScreen.storyboard; sourceTree = "<group>"; };
		041342CB21797D5E00486DF9 /* Info.plist */ = {isa = PBXFileReference; lastKnownFileType = text.plist.xml; path = Info.plist; sourceTree = "<group>"; };
		041342CC21797D5E00486DF9 /* main.m */ = {isa = PBXFileReference; lastKnownFileType = sourcecode.c.objc; path = main.m; sourceTree = "<group>"; };
		04134375217F3ED900486DF9 /* ZDIHomePageViewController.h */ = {isa = PBXFileReference; lastKnownFileType = sourcecode.c.h; path = ZDIHomePageViewController.h; sourceTree = "<group>"; };
		04134376217F3ED900486DF9 /* ZDIHomePageViewController.m */ = {isa = PBXFileReference; lastKnownFileType = sourcecode.c.objc; path = ZDIHomePageViewController.m; sourceTree = "<group>"; };
		04134378217F3F8E00486DF9 /* ZDIHomePageTableViewGroupView.h */ = {isa = PBXFileReference; lastKnownFileType = sourcecode.c.h; path = ZDIHomePageTableViewGroupView.h; sourceTree = "<group>"; };
		04134379217F3F8E00486DF9 /* ZDIHomePageTableViewGroupView.m */ = {isa = PBXFileReference; lastKnownFileType = sourcecode.c.objc; path = ZDIHomePageTableViewGroupView.m; sourceTree = "<group>"; };
		0413437B217F4C9100486DF9 /* ZDIHomePageTitleTableViewCell.h */ = {isa = PBXFileReference; lastKnownFileType = sourcecode.c.h; path = ZDIHomePageTitleTableViewCell.h; sourceTree = "<group>"; };
		0413437C217F4C9100486DF9 /* ZDIHomePageTitleTableViewCell.m */ = {isa = PBXFileReference; lastKnownFileType = sourcecode.c.objc; path = ZDIHomePageTitleTableViewCell.m; sourceTree = "<group>"; };
		0413437E217F4CA200486DF9 /* ZDIHomePageNormalTableViewCell.h */ = {isa = PBXFileReference; lastKnownFileType = sourcecode.c.h; path = ZDIHomePageNormalTableViewCell.h; sourceTree = "<group>"; };
		0413437F217F4CA200486DF9 /* ZDIHomePageNormalTableViewCell.m */ = {isa = PBXFileReference; lastKnownFileType = sourcecode.c.objc; path = ZDIHomePageNormalTableViewCell.m; sourceTree = "<group>"; };
		04134382217F529B00486DF9 /* test1.JPG */ = {isa = PBXFileReference; lastKnownFileType = image.jpeg; path = test1.JPG; sourceTree = "<group>"; };
		0413438421819DC000486DF9 /* ZDIHomePageCarouselView.h */ = {isa = PBXFileReference; lastKnownFileType = sourcecode.c.h; path = ZDIHomePageCarouselView.h; sourceTree = "<group>"; };
		0413438521819DC100486DF9 /* ZDIHomePageCarouselView.m */ = {isa = PBXFileReference; lastKnownFileType = sourcecode.c.objc; path = ZDIHomePageCarouselView.m; sourceTree = "<group>"; };
		0413438721819EBA00486DF9 /* 3.JPG */ = {isa = PBXFileReference; lastKnownFileType = image.jpeg; path = 3.JPG; sourceTree = "<group>"; };
		0413438821819EBA00486DF9 /* 1.JPG */ = {isa = PBXFileReference; lastKnownFileType = image.jpeg; path = 1.JPG; sourceTree = "<group>"; };
		0413438921819EBA00486DF9 /* 4.JPG */ = {isa = PBXFileReference; lastKnownFileType = image.jpeg; path = 4.JPG; sourceTree = "<group>"; };
		0413438A21819EBA00486DF9 /* 0.JPG */ = {isa = PBXFileReference; lastKnownFileType = image.jpeg; path = 0.JPG; sourceTree = "<group>"; };
		0413438B21819EBB00486DF9 /* 2.JPG */ = {isa = PBXFileReference; lastKnownFileType = image.jpeg; path = 2.JPG; sourceTree = "<group>"; };
		04EBAC23218B2A4D00708FDE /* ZDIMenuViewController.h */ = {isa = PBXFileReference; lastKnownFileType = sourcecode.c.h; path = ZDIMenuViewController.h; sourceTree = "<group>"; };
		04EBAC24218B2A4D00708FDE /* ZDIMenuViewController.m */ = {isa = PBXFileReference; lastKnownFileType = sourcecode.c.objc; path = ZDIMenuViewController.m; sourceTree = "<group>"; };
		04EBAC29218B41E900708FDE /* ZDIMenuView.h */ = {isa = PBXFileReference; lastKnownFileType = sourcecode.c.h; path = ZDIMenuView.h; sourceTree = "<group>"; };
		04EBAC2A218B41E900708FDE /* ZDIMenuView.m */ = {isa = PBXFileReference; lastKnownFileType = sourcecode.c.objc; path = ZDIMenuView.m; sourceTree = "<group>"; };
		04EBAC2D218BD16400708FDE /* ZDIContainerViewController.h */ = {isa = PBXFileReference; lastKnownFileType = sourcecode.c.h; path = ZDIContainerViewController.h; sourceTree = "<group>"; };
		04EBAC2E218BD16400708FDE /* ZDIContainerViewController.m */ = {isa = PBXFileReference; lastKnownFileType = sourcecode.c.objc; path = ZDIContainerViewController.m; sourceTree = "<group>"; };
		04EBAC35218BD3AE00708FDE /* ZDIMenuTableViewCell.h */ = {isa = PBXFileReference; lastKnownFileType = sourcecode.c.h; path = ZDIMenuTableViewCell.h; sourceTree = "<group>"; };
		04EBAC36218BD3AE00708FDE /* ZDIMenuTableViewCell.m */ = {isa = PBXFileReference; lastKnownFileType = sourcecode.c.objc; path = ZDIMenuTableViewCell.m; sourceTree = "<group>"; };
		04EBAC38218BF24A00708FDE /* ZDINavChangeImage.h */ = {isa = PBXFileReference; lastKnownFileType = sourcecode.c.h; path = ZDINavChangeImage.h; sourceTree = "<group>"; };
		04EBAC39218BF24A00708FDE /* ZDINavChangeImage.m */ = {isa = PBXFileReference; lastKnownFileType = sourcecode.c.objc; path = ZDINavChangeImage.m; sourceTree = "<group>"; };
		04EBAC3B218C4E8200708FDE /* ZDIHomePageTableViewSectionHeadView.h */ = {isa = PBXFileReference; lastKnownFileType = sourcecode.c.h; path = ZDIHomePageTableViewSectionHeadView.h; sourceTree = "<group>"; };
		04EBAC3C218C4E8200708FDE /* ZDIHomePageTableViewSectionHeadView.m */ = {isa = PBXFileReference; lastKnownFileType = sourcecode.c.objc; path = ZDIHomePageTableViewSectionHeadView.m; sourceTree = "<group>"; };
		04EBAC3E218DC95900708FDE /* Menu.png */ = {isa = PBXFileReference; lastKnownFileType = image.png; path = Menu.png; sourceTree = "<group>"; };
		338E584827BEA8CFD0790911 /* libPods-zhihu-daily-ImitationDemo.a */ = {isa = PBXFileReference; explicitFileType = archive.ar; includeInIndex = 0; path = "libPods-zhihu-daily-ImitationDemo.a"; sourceTree = BUILT_PRODUCTS_DIR; };
		77CE07051F0C04404A85DD1F /* Pods-zhihu-daily-ImitationDemo.release.xcconfig */ = {isa = PBXFileReference; includeInIndex = 1; lastKnownFileType = text.xcconfig; name = "Pods-zhihu-daily-ImitationDemo.release.xcconfig"; path = "Pods/Target Support Files/Pods-zhihu-daily-ImitationDemo/Pods-zhihu-daily-ImitationDemo.release.xcconfig"; sourceTree = "<group>"; };
		DBAD9BCBA95F613B982CB8A9 /* Pods-zhihu-daily-ImitationDemo.debug.xcconfig */ = {isa = PBXFileReference; includeInIndex = 1; lastKnownFileType = text.xcconfig; name = "Pods-zhihu-daily-ImitationDemo.debug.xcconfig"; path = "Pods/Target Support Files/Pods-zhihu-daily-ImitationDemo/Pods-zhihu-daily-ImitationDemo.debug.xcconfig"; sourceTree = "<group>"; };
/* End PBXFileReference section */

/* Begin PBXFrameworksBuildPhase section */
		041342B721797D5D00486DF9 /* Frameworks */ = {
			isa = PBXFrameworksBuildPhase;
			buildActionMask = 2147483647;
			files = (
				5BB8A6D8D6E9CBEC31D15B13 /* libPods-zhihu-daily-ImitationDemo.a in Frameworks */,
			);
			runOnlyForDeploymentPostprocessing = 0;
		};
/* End PBXFrameworksBuildPhase section */

/* Begin PBXGroup section */
		041342B121797D5D00486DF9 = {
			isa = PBXGroup;
			children = (
				04134381217F522D00486DF9 /* TestPicture */,
				041342BC21797D5D00486DF9 /* zhihu-daily-ImitationDemo */,
				041342BB21797D5D00486DF9 /* Products */,
				44128A71D70593531BB19EE5 /* Pods */,
				FF8BFB9717667C70B8C8BAFA /* Frameworks */,
			);
			sourceTree = "<group>";
		};
		041342BB21797D5D00486DF9 /* Products */ = {
			isa = PBXGroup;
			children = (
				041342BA21797D5D00486DF9 /* zhihu-daily-ImitationDemo.app */,
			);
			name = Products;
			sourceTree = "<group>";
		};
		041342BC21797D5D00486DF9 /* zhihu-daily-ImitationDemo */ = {
			isa = PBXGroup;
			children = (
				041342CB21797D5E00486DF9 /* Info.plist */,
				04134331217E108E00486DF9 /* Main */,
				041342D321797FED00486DF9 /* Classes */,
			);
			path = "zhihu-daily-ImitationDemo";
			sourceTree = "<group>";
		};
		041342D321797FED00486DF9 /* Classes */ = {
			isa = PBXGroup;
			children = (
				04EBAC30218BD1C700708FDE /* Menu */,
				04EBAC2C218BD13000708FDE /* Container */,
				04134335217E11C200486DF9 /* HomePage */,
			);
			path = Classes;
			sourceTree = "<group>";
		};
		041342D421797FED00486DF9 /* Controller */ = {
			isa = PBXGroup;
			children = (
				04134375217F3ED900486DF9 /* ZDIHomePageViewController.h */,
				04134376217F3ED900486DF9 /* ZDIHomePageViewController.m */,
			);
			path = Controller;
			sourceTree = "<group>";
		};
		041342D521797FED00486DF9 /* Model */ = {
			isa = PBXGroup;
			children = (
			);
			path = Model;
			sourceTree = "<group>";
		};
		041342D621797FED00486DF9 /* View */ = {
			isa = PBXGroup;
			children = (
				04134378217F3F8E00486DF9 /* ZDIHomePageTableViewGroupView.h */,
				04134379217F3F8E00486DF9 /* ZDIHomePageTableViewGroupView.m */,
				0413437B217F4C9100486DF9 /* ZDIHomePageTitleTableViewCell.h */,
				0413437C217F4C9100486DF9 /* ZDIHomePageTitleTableViewCell.m */,
				0413437E217F4CA200486DF9 /* ZDIHomePageNormalTableViewCell.h */,
				0413437F217F4CA200486DF9 /* ZDIHomePageNormalTableViewCell.m */,
				0413438421819DC000486DF9 /* ZDIHomePageCarouselView.h */,
				0413438521819DC100486DF9 /* ZDIHomePageCarouselView.m */,
				04EBAC38218BF24A00708FDE /* ZDINavChangeImage.h */,
				04EBAC39218BF24A00708FDE /* ZDINavChangeImage.m */,
				04EBAC3B218C4E8200708FDE /* ZDIHomePageTableViewSectionHeadView.h */,
				04EBAC3C218C4E8200708FDE /* ZDIHomePageTableViewSectionHeadView.m */,
			);
			path = View;
			sourceTree = "<group>";
		};
		04134331217E108E00486DF9 /* Main */ = {
			isa = PBXGroup;
			children = (
				041342BD21797D5D00486DF9 /* AppDelegate.h */,
				041342BE21797D5D00486DF9 /* AppDelegate.m */,
				041342C321797D5D00486DF9 /* Main.storyboard */,
				041342C621797D5E00486DF9 /* Assets.xcassets */,
				041342C821797D5E00486DF9 /* LaunchScreen.storyboard */,
				041342CC21797D5E00486DF9 /* main.m */,
			);
			path = Main;
			sourceTree = "<group>";
		};
		04134335217E11C200486DF9 /* HomePage */ = {
			isa = PBXGroup;
			children = (
				041342D421797FED00486DF9 /* Controller */,
				041342D521797FED00486DF9 /* Model */,
				041342D621797FED00486DF9 /* View */,
			);
			path = HomePage;
			sourceTree = "<group>";
		};
		04134381217F522D00486DF9 /* TestPicture */ = {
			isa = PBXGroup;
			children = (
				04EBAC3E218DC95900708FDE /* Menu.png */,
				04134382217F529B00486DF9 /* test1.JPG */,
				0413438A21819EBA00486DF9 /* 0.JPG */,
				0413438821819EBA00486DF9 /* 1.JPG */,
				0413438B21819EBB00486DF9 /* 2.JPG */,
				0413438721819EBA00486DF9 /* 3.JPG */,
				0413438921819EBA00486DF9 /* 4.JPG */,
			);
			path = TestPicture;
			sourceTree = "<group>";
		};
		04EBAC2C218BD13000708FDE /* Container */ = {
			isa = PBXGroup;
			children = (
				04EBAC34218BD28500708FDE /* Controller */,
			);
			path = Container;
			sourceTree = "<group>";
		};
		04EBAC30218BD1C700708FDE /* Menu */ = {
			isa = PBXGroup;
			children = (
				04EBAC33218BD1EC00708FDE /* Model */,
				04EBAC32218BD1E800708FDE /* View */,
				04EBAC31218BD1E500708FDE /* Controller */,
			);
			path = Menu;
			sourceTree = "<group>";
		};
		04EBAC31218BD1E500708FDE /* Controller */ = {
			isa = PBXGroup;
			children = (
				04EBAC23218B2A4D00708FDE /* ZDIMenuViewController.h */,
				04EBAC24218B2A4D00708FDE /* ZDIMenuViewController.m */,
			);
			path = Controller;
			sourceTree = "<group>";
		};
		04EBAC32218BD1E800708FDE /* View */ = {
			isa = PBXGroup;
			children = (
				04EBAC29218B41E900708FDE /* ZDIMenuView.h */,
				04EBAC2A218B41E900708FDE /* ZDIMenuView.m */,
				04EBAC35218BD3AE00708FDE /* ZDIMenuTableViewCell.h */,
				04EBAC36218BD3AE00708FDE /* ZDIMenuTableViewCell.m */,
			);
			path = View;
			sourceTree = "<group>";
		};
		04EBAC33218BD1EC00708FDE /* Model */ = {
			isa = PBXGroup;
			children = (
			);
			path = Model;
			sourceTree = "<group>";
		};
		04EBAC34218BD28500708FDE /* Controller */ = {
			isa = PBXGroup;
			children = (
				04EBAC2D218BD16400708FDE /* ZDIContainerViewController.h */,
				04EBAC2E218BD16400708FDE /* ZDIContainerViewController.m */,
			);
			path = Controller;
			sourceTree = "<group>";
		};
		44128A71D70593531BB19EE5 /* Pods */ = {
			isa = PBXGroup;
			children = (
				DBAD9BCBA95F613B982CB8A9 /* Pods-zhihu-daily-ImitationDemo.debug.xcconfig */,
				77CE07051F0C04404A85DD1F /* Pods-zhihu-daily-ImitationDemo.release.xcconfig */,
			);
			name = Pods;
			sourceTree = "<group>";
		};
		FF8BFB9717667C70B8C8BAFA /* Frameworks */ = {
			isa = PBXGroup;
			children = (
				338E584827BEA8CFD0790911 /* libPods-zhihu-daily-ImitationDemo.a */,
			);
			name = Frameworks;
			sourceTree = "<group>";
		};
/* End PBXGroup section */

/* Begin PBXNativeTarget section */
		041342B921797D5D00486DF9 /* zhihu-daily-ImitationDemo */ = {
			isa = PBXNativeTarget;
			buildConfigurationList = 041342D021797D5E00486DF9 /* Build configuration list for PBXNativeTarget "zhihu-daily-ImitationDemo" */;
			buildPhases = (
				705A851B8BAA73CA049887E3 /* [CP] Check Pods Manifest.lock */,
				041342B621797D5D00486DF9 /* Sources */,
				041342B721797D5D00486DF9 /* Frameworks */,
				041342B821797D5D00486DF9 /* Resources */,
			);
			buildRules = (
			);
			dependencies = (
			);
			name = "zhihu-daily-ImitationDemo";
			productName = "zhihu-daily-ImitationDemo";
			productReference = 041342BA21797D5D00486DF9 /* zhihu-daily-ImitationDemo.app */;
			productType = "com.apple.product-type.application";
		};
/* End PBXNativeTarget section */

/* Begin PBXProject section */
		041342B221797D5D00486DF9 /* Project object */ = {
			isa = PBXProject;
			attributes = {
				LastUpgradeCheck = 1000;
				ORGANIZATIONNAME = "姜凯文";
				TargetAttributes = {
					041342B921797D5D00486DF9 = {
						CreatedOnToolsVersion = 10.0;
					};
				};
			};
			buildConfigurationList = 041342B521797D5D00486DF9 /* Build configuration list for PBXProject "zhihu-daily-ImitationDemo" */;
			compatibilityVersion = "Xcode 9.3";
			developmentRegion = en;
			hasScannedForEncodings = 0;
			knownRegions = (
				en,
				Base,
			);
			mainGroup = 041342B121797D5D00486DF9;
			productRefGroup = 041342BB21797D5D00486DF9 /* Products */;
			projectDirPath = "";
			projectRoot = "";
			targets = (
				041342B921797D5D00486DF9 /* zhihu-daily-ImitationDemo */,
			);
		};
/* End PBXProject section */

/* Begin PBXResourcesBuildPhase section */
		041342B821797D5D00486DF9 /* Resources */ = {
			isa = PBXResourcesBuildPhase;
			buildActionMask = 2147483647;
			files = (
				04EBAC3F218DC95900708FDE /* Menu.png in Resources */,
				0413439021819EBB00486DF9 /* 2.JPG in Resources */,
				0413438F21819EBB00486DF9 /* 0.JPG in Resources */,
				0413438D21819EBB00486DF9 /* 1.JPG in Resources */,
				041342CA21797D5E00486DF9 /* LaunchScreen.storyboard in Resources */,
				041342C721797D5E00486DF9 /* Assets.xcassets in Resources */,
				0413438E21819EBB00486DF9 /* 4.JPG in Resources */,
				041342C521797D5D00486DF9 /* Main.storyboard in Resources */,
				0413438C21819EBB00486DF9 /* 3.JPG in Resources */,
				04134383217F529B00486DF9 /* test1.JPG in Resources */,
			);
			runOnlyForDeploymentPostprocessing = 0;
		};
/* End PBXResourcesBuildPhase section */

/* Begin PBXShellScriptBuildPhase section */
		705A851B8BAA73CA049887E3 /* [CP] Check Pods Manifest.lock */ = {
			isa = PBXShellScriptBuildPhase;
			buildActionMask = 2147483647;
			files = (
			);
			inputFileListPaths = (
			);
			inputPaths = (
				"${PODS_PODFILE_DIR_PATH}/Podfile.lock",
				"${PODS_ROOT}/Manifest.lock",
			);
			name = "[CP] Check Pods Manifest.lock";
			outputFileListPaths = (
			);
			outputPaths = (
				"$(DERIVED_FILE_DIR)/Pods-zhihu-daily-ImitationDemo-checkManifestLockResult.txt",
			);
			runOnlyForDeploymentPostprocessing = 0;
			shellPath = /bin/sh;
			shellScript = "diff \"${PODS_PODFILE_DIR_PATH}/Podfile.lock\" \"${PODS_ROOT}/Manifest.lock\" > /dev/null\nif [ $? != 0 ] ; then\n    # print error to STDERR\n    echo \"error: The sandbox is not in sync with the Podfile.lock. Run 'pod install' or update your CocoaPods installation.\" >&2\n    exit 1\nfi\n# This output is used by Xcode 'outputs' to avoid re-running this script phase.\necho \"SUCCESS\" > \"${SCRIPT_OUTPUT_FILE_0}\"\n";
			showEnvVarsInLog = 0;
		};
/* End PBXShellScriptBuildPhase section */

/* Begin PBXSourcesBuildPhase section */
		041342B621797D5D00486DF9 /* Sources */ = {
			isa = PBXSourcesBuildPhase;
			buildActionMask = 2147483647;
			files = (
				04134380217F4CA200486DF9 /* ZDIHomePageNormalTableViewCell.m in Sources */,
				04EBAC37218BD3AE00708FDE /* ZDIMenuTableViewCell.m in Sources */,
				04EBAC2F218BD16400708FDE /* ZDIContainerViewController.m in Sources */,
				04EBAC25218B2A4D00708FDE /* ZDIMenuViewController.m in Sources */,
				04EBAC2B218B41E900708FDE /* ZDIMenuView.m in Sources */,
				0413438621819DC100486DF9 /* ZDIHomePageCarouselView.m in Sources */,
				041342CD21797D5E00486DF9 /* main.m in Sources */,
				04134377217F3ED900486DF9 /* ZDIHomePageViewController.m in Sources */,
				0413437D217F4C9100486DF9 /* ZDIHomePageTitleTableViewCell.m in Sources */,
				0413437A217F3F8E00486DF9 /* ZDIHomePageTableViewGroupView.m in Sources */,
				041342BF21797D5D00486DF9 /* AppDelegate.m in Sources */,
				04EBAC3D218C4E8200708FDE /* ZDIHomePageTableViewSectionHeadView.m in Sources */,
				04EBAC3A218BF24A00708FDE /* ZDINavChangeImage.m in Sources */,
			);
			runOnlyForDeploymentPostprocessing = 0;
		};
/* End PBXSourcesBuildPhase section */

/* Begin PBXVariantGroup section */
		041342C321797D5D00486DF9 /* Main.storyboard */ = {
			isa = PBXVariantGroup;
			children = (
				041342C421797D5D00486DF9 /* Base */,
			);
			name = Main.storyboard;
			sourceTree = "<group>";
		};
		041342C821797D5E00486DF9 /* LaunchScreen.storyboard */ = {
			isa = PBXVariantGroup;
			children = (
				041342C921797D5E00486DF9 /* Base */,
			);
			name = LaunchScreen.storyboard;
			sourceTree = "<group>";
		};
/* End PBXVariantGroup section */

/* Begin XCBuildConfiguration section */
		041342CE21797D5E00486DF9 /* Debug */ = {
			isa = XCBuildConfiguration;
			buildSettings = {
				ALWAYS_SEARCH_USER_PATHS = NO;
				CLANG_ANALYZER_NONNULL = YES;
				CLANG_ANALYZER_NUMBER_OBJECT_CONVERSION = YES_AGGRESSIVE;
				CLANG_CXX_LANGUAGE_STANDARD = "gnu++14";
				CLANG_CXX_LIBRARY = "libc++";
				CLANG_ENABLE_MODULES = YES;
				CLANG_ENABLE_OBJC_ARC = YES;
				CLANG_ENABLE_OBJC_WEAK = YES;
				CLANG_WARN_BLOCK_CAPTURE_AUTORELEASING = YES;
				CLANG_WARN_BOOL_CONVERSION = YES;
				CLANG_WARN_COMMA = YES;
				CLANG_WARN_CONSTANT_CONVERSION = YES;
				CLANG_WARN_DEPRECATED_OBJC_IMPLEMENTATIONS = YES;
				CLANG_WARN_DIRECT_OBJC_ISA_USAGE = YES_ERROR;
				CLANG_WARN_DOCUMENTATION_COMMENTS = YES;
				CLANG_WARN_EMPTY_BODY = YES;
				CLANG_WARN_ENUM_CONVERSION = YES;
				CLANG_WARN_INFINITE_RECURSION = YES;
				CLANG_WARN_INT_CONVERSION = YES;
				CLANG_WARN_NON_LITERAL_NULL_CONVERSION = YES;
				CLANG_WARN_OBJC_IMPLICIT_RETAIN_SELF = YES;
				CLANG_WARN_OBJC_LITERAL_CONVERSION = YES;
				CLANG_WARN_OBJC_ROOT_CLASS = YES_ERROR;
				CLANG_WARN_RANGE_LOOP_ANALYSIS = YES;
				CLANG_WARN_STRICT_PROTOTYPES = YES;
				CLANG_WARN_SUSPICIOUS_MOVE = YES;
				CLANG_WARN_UNGUARDED_AVAILABILITY = YES_AGGRESSIVE;
				CLANG_WARN_UNREACHABLE_CODE = YES;
				CLANG_WARN__DUPLICATE_METHOD_MATCH = YES;
				CODE_SIGN_IDENTITY = "iPhone Developer";
				COPY_PHASE_STRIP = NO;
				DEBUG_INFORMATION_FORMAT = dwarf;
				ENABLE_STRICT_OBJC_MSGSEND = YES;
				ENABLE_TESTABILITY = YES;
				GCC_C_LANGUAGE_STANDARD = gnu11;
				GCC_DYNAMIC_NO_PIC = NO;
				GCC_NO_COMMON_BLOCKS = YES;
				GCC_OPTIMIZATION_LEVEL = 0;
				GCC_PREPROCESSOR_DEFINITIONS = (
					"DEBUG=1",
					"$(inherited)",
				);
				GCC_WARN_64_TO_32_BIT_CONVERSION = YES;
				GCC_WARN_ABOUT_RETURN_TYPE = YES_ERROR;
				GCC_WARN_UNDECLARED_SELECTOR = YES;
				GCC_WARN_UNINITIALIZED_AUTOS = YES_AGGRESSIVE;
				GCC_WARN_UNUSED_FUNCTION = YES;
				GCC_WARN_UNUSED_VARIABLE = YES;
				IPHONEOS_DEPLOYMENT_TARGET = 12.0;
				MTL_ENABLE_DEBUG_INFO = INCLUDE_SOURCE;
				MTL_FAST_MATH = YES;
				ONLY_ACTIVE_ARCH = YES;
				SDKROOT = iphoneos;
			};
			name = Debug;
		};
		041342CF21797D5E00486DF9 /* Release */ = {
			isa = XCBuildConfiguration;
			buildSettings = {
				ALWAYS_SEARCH_USER_PATHS = NO;
				CLANG_ANALYZER_NONNULL = YES;
				CLANG_ANALYZER_NUMBER_OBJECT_CONVERSION = YES_AGGRESSIVE;
				CLANG_CXX_LANGUAGE_STANDARD = "gnu++14";
				CLANG_CXX_LIBRARY = "libc++";
				CLANG_ENABLE_MODULES = YES;
				CLANG_ENABLE_OBJC_ARC = YES;
				CLANG_ENABLE_OBJC_WEAK = YES;
				CLANG_WARN_BLOCK_CAPTURE_AUTORELEASING = YES;
				CLANG_WARN_BOOL_CONVERSION = YES;
				CLANG_WARN_COMMA = YES;
				CLANG_WARN_CONSTANT_CONVERSION = YES;
				CLANG_WARN_DEPRECATED_OBJC_IMPLEMENTATIONS = YES;
				CLANG_WARN_DIRECT_OBJC_ISA_USAGE = YES_ERROR;
				CLANG_WARN_DOCUMENTATION_COMMENTS = YES;
				CLANG_WARN_EMPTY_BODY = YES;
				CLANG_WARN_ENUM_CONVERSION = YES;
				CLANG_WARN_INFINITE_RECURSION = YES;
				CLANG_WARN_INT_CONVERSION = YES;
				CLANG_WARN_NON_LITERAL_NULL_CONVERSION = YES;
				CLANG_WARN_OBJC_IMPLICIT_RETAIN_SELF = YES;
				CLANG_WARN_OBJC_LITERAL_CONVERSION = YES;
				CLANG_WARN_OBJC_ROOT_CLASS = YES_ERROR;
				CLANG_WARN_RANGE_LOOP_ANALYSIS = YES;
				CLANG_WARN_STRICT_PROTOTYPES = YES;
				CLANG_WARN_SUSPICIOUS_MOVE = YES;
				CLANG_WARN_UNGUARDED_AVAILABILITY = YES_AGGRESSIVE;
				CLANG_WARN_UNREACHABLE_CODE = YES;
				CLANG_WARN__DUPLICATE_METHOD_MATCH = YES;
				CODE_SIGN_IDENTITY = "iPhone Developer";
				COPY_PHASE_STRIP = NO;
				DEBUG_INFORMATION_FORMAT = "dwarf-with-dsym";
				ENABLE_NS_ASSERTIONS = NO;
				ENABLE_STRICT_OBJC_MSGSEND = YES;
				GCC_C_LANGUAGE_STANDARD = gnu11;
				GCC_NO_COMMON_BLOCKS = YES;
				GCC_WARN_64_TO_32_BIT_CONVERSION = YES;
				GCC_WARN_ABOUT_RETURN_TYPE = YES_ERROR;
				GCC_WARN_UNDECLARED_SELECTOR = YES;
				GCC_WARN_UNINITIALIZED_AUTOS = YES_AGGRESSIVE;
				GCC_WARN_UNUSED_FUNCTION = YES;
				GCC_WARN_UNUSED_VARIABLE = YES;
				IPHONEOS_DEPLOYMENT_TARGET = 12.0;
				MTL_ENABLE_DEBUG_INFO = NO;
				MTL_FAST_MATH = YES;
				SDKROOT = iphoneos;
				VALIDATE_PRODUCT = YES;
			};
			name = Release;
		};
		041342D121797D5E00486DF9 /* Debug */ = {
			isa = XCBuildConfiguration;
			baseConfigurationReference = DBAD9BCBA95F613B982CB8A9 /* Pods-zhihu-daily-ImitationDemo.debug.xcconfig */;
			buildSettings = {
				ASSETCATALOG_COMPILER_APPICON_NAME = AppIcon;
				CODE_SIGN_STYLE = Automatic;
				DEVELOPMENT_TEAM = 94Q433PSKZ;
				INFOPLIST_FILE = "zhihu-daily-ImitationDemo/Info.plist";
				LD_RUNPATH_SEARCH_PATHS = (
					"$(inherited)",
					"@executable_path/Frameworks",
				);
				PRODUCT_BUNDLE_IDENTIFIER = "---.zhihu-daily-ImitationDemo";
				PRODUCT_NAME = "$(TARGET_NAME)";
				TARGETED_DEVICE_FAMILY = "1,2";
			};
			name = Debug;
		};
		041342D221797D5E00486DF9 /* Release */ = {
			isa = XCBuildConfiguration;
			baseConfigurationReference = 77CE07051F0C04404A85DD1F /* Pods-zhihu-daily-ImitationDemo.release.xcconfig */;
			buildSettings = {
				ASSETCATALOG_COMPILER_APPICON_NAME = AppIcon;
				CODE_SIGN_STYLE = Automatic;
				DEVELOPMENT_TEAM = 94Q433PSKZ;
				INFOPLIST_FILE = "zhihu-daily-ImitationDemo/Info.plist";
				LD_RUNPATH_SEARCH_PATHS = (
					"$(inherited)",
					"@executable_path/Frameworks",
				);
				PRODUCT_BUNDLE_IDENTIFIER = "---.zhihu-daily-ImitationDemo";
				PRODUCT_NAME = "$(TARGET_NAME)";
				TARGETED_DEVICE_FAMILY = "1,2";
			};
			name = Release;
		};
/* End XCBuildConfiguration section */

/* Begin XCConfigurationList section */
		041342B521797D5D00486DF9 /* Build configuration list for PBXProject "zhihu-daily-ImitationDemo" */ = {
			isa = XCConfigurationList;
			buildConfigurations = (
				041342CE21797D5E00486DF9 /* Debug */,
				041342CF21797D5E00486DF9 /* Release */,
			);
			defaultConfigurationIsVisible = 0;
			defaultConfigurationName = Release;
		};
		041342D021797D5E00486DF9 /* Build configuration list for PBXNativeTarget "zhihu-daily-ImitationDemo" */ = {
			isa = XCConfigurationList;
			buildConfigurations = (
				041342D121797D5E00486DF9 /* Debug */,
				041342D221797D5E00486DF9 /* Release */,
			);
			defaultConfigurationIsVisible = 0;
			defaultConfigurationName = Release;
		};
/* End XCConfigurationList section */
	};
	rootObject = 041342B221797D5D00486DF9 /* Project object */;
}
